
Microsoft Visual Studio Solution File, Format Version 12.00
# Visual Studio 2012
Project("{F184B08F-C81C-45F6-A57F-5ABD9991F28F}") = "EmberMediaManager", "EmberMediaManager\EmberMediaManager.vbproj", "{9B57D3AB-AF12-4012-B945-284C2448DC81}"
	ProjectSection(ProjectDependencies) = postProject
		{EAAB0601-6478-44D2-A39C-89B0850D7833} = {EAAB0601-6478-44D2-A39C-89B0850D7833}
		{D9878E03-87D7-429E-AA0C-A7116A31FA7F} = {D9878E03-87D7-429E-AA0C-A7116A31FA7F}
		{6F30E40B-6D85-4EE7-9474-5F82E96E1817} = {6F30E40B-6D85-4EE7-9474-5F82E96E1817}
		{39C49E1A-75BA-4AD1-9286-58E83D22BC1E} = {39C49E1A-75BA-4AD1-9286-58E83D22BC1E}
		{2B684C20-7E1A-4DA0-8C26-96DA1407B2C3} = {2B684C20-7E1A-4DA0-8C26-96DA1407B2C3}
		{72A8EF23-3379-4C72-B212-A14A3C286D9C} = {72A8EF23-3379-4C72-B212-A14A3C286D9C}
		{2A08A524-88DA-432F-92E6-8DC63C5376DA} = {2A08A524-88DA-432F-92E6-8DC63C5376DA}
		{A5277330-A443-46AB-A058-016A3B6AF8AC} = {A5277330-A443-46AB-A058-016A3B6AF8AC}
		{84B2143A-D04F-4262-923D-21AEDF86E2B7} = {84B2143A-D04F-4262-923D-21AEDF86E2B7}
		{EFC11645-FAB4-4C30-A498-29F5ECDF77E8} = {EFC11645-FAB4-4C30-A498-29F5ECDF77E8}
		{8DAFAF56-AD78-4B47-866F-E8179511AF5B} = {8DAFAF56-AD78-4B47-866F-E8179511AF5B}
		{0BEBA16B-9A83-4BD5-A476-B366451F0907} = {0BEBA16B-9A83-4BD5-A476-B366451F0907}
		{32911C6E-DFB0-4A6B-8267-3489DAD544C1} = {32911C6E-DFB0-4A6B-8267-3489DAD544C1}
		{2918A276-E3E5-4625-A411-6863C6D29EE6} = {2918A276-E3E5-4625-A411-6863C6D29EE6}
		{859C1085-518B-49D2-9C84-D91C4094097F} = {859C1085-518B-49D2-9C84-D91C4094097F}
		{F6CACA89-E8E4-45D9-B942-97FBD4ADD106} = {F6CACA89-E8E4-45D9-B942-97FBD4ADD106}
		{33F99994-12CA-4FAB-B62D-741F7AE35F4B} = {33F99994-12CA-4FAB-B62D-741F7AE35F4B}
		{3FAF50AA-AD5F-455A-8711-6D791C457F0F} = {3FAF50AA-AD5F-455A-8711-6D791C457F0F}
		{B413DEAF-4FDC-416A-B3E0-968C1C8F3F83} = {B413DEAF-4FDC-416A-B3E0-968C1C8F3F83}
		{386116B7-7870-4F91-9DEC-C79062882E3E} = {386116B7-7870-4F91-9DEC-C79062882E3E}
		{194445BE-3721-4270-984D-FA978D5F34A0} = {194445BE-3721-4270-984D-FA978D5F34A0}
		{B0BDF9C2-EB9C-4090-B9A9-B703DF00CCEF} = {B0BDF9C2-EB9C-4090-B9A9-B703DF00CCEF}
		{D3C1A3C4-A060-40DF-ACE4-143F7F102A24} = {D3C1A3C4-A060-40DF-ACE4-143F7F102A24}
		{70F651C6-6BB4-4E4D-AD6C-25C36CA1E9E6} = {70F651C6-6BB4-4E4D-AD6C-25C36CA1E9E6}
		{E7FDD1C9-BCF7-4624-B033-D3888E422A8B} = {E7FDD1C9-BCF7-4624-B033-D3888E422A8B}
		{5B501BD8-D4BC-4719-B708-D4B91E3530D1} = {5B501BD8-D4BC-4719-B708-D4B91E3530D1}
		{A9188CF1-BD07-4D24-BC4A-906A43012F37} = {A9188CF1-BD07-4D24-BC4A-906A43012F37}
		{17FE77F6-AD33-4798-A677-926D1453B31E} = {17FE77F6-AD33-4798-A677-926D1453B31E}
	EndProjectSection
EndProject
Project("{F184B08F-C81C-45F6-A57F-5ABD9991F28F}") = "EmberAPI", "EmberAPI\EmberAPI.vbproj", "{208AA35E-C6AE-4D2D-A9DD-B6EFD19A4279}"
EndProject
Project("{2150E333-8FDC-42A3-9474-1A3956D46DE8}") = "Addons", "Addons", "{4FD2B635-11BD-4532-96F6-97ECB41072A1}"
EndProject
Project("{F184B08F-C81C-45F6-A57F-5ABD9991F28F}") = "generic.EmberCore.BulkRename", "Addons\generic.EmberCore.BulkRename\generic.EmberCore.BulkRename.vbproj", "{EAAB0601-6478-44D2-A39C-89B0850D7833}"
EndProject
Project("{F184B08F-C81C-45F6-A57F-5ABD9991F28F}") = "generic.EmberCore.Extractor", "Addons\generic.EmberCore.Extractor\generic.EmberCore.Extractor.vbproj", "{B413DEAF-4FDC-416A-B3E0-968C1C8F3F83}"
EndProject
Project("{F184B08F-C81C-45F6-A57F-5ABD9991F28F}") = "generic.EmberCore.MediaFileManager", "Addons\generic.EmberCore.MediaFileManager\generic.EmberCore.MediaFileManager.vbproj", "{F6CACA89-E8E4-45D9-B942-97FBD4ADD106}"
EndProject
Project("{F184B08F-C81C-45F6-A57F-5ABD9991F28F}") = "generic.EmberCore.MovieExporter", "Addons\generic.EmberCore.MovieExport\generic.EmberCore.MovieExporter.vbproj", "{B0BDF9C2-EB9C-4090-B9A9-B703DF00CCEF}"
EndProject
Project("{F184B08F-C81C-45F6-A57F-5ABD9991F28F}") = "generic.Compatibility.NMT", "Addons\generic.EmberCore.NMT\generic.Compatibility.NMT.vbproj", "{84B2143A-D04F-4262-923D-21AEDF86E2B7}"
EndProject
Project("{F184B08F-C81C-45F6-A57F-5ABD9991F28F}") = "generic.EmberCore.Notifications", "Addons\generic.EmberCore.Notifications\generic.EmberCore.Notifications.vbproj", "{2A08A524-88DA-432F-92E6-8DC63C5376DA}"
EndProject
Project("{F184B08F-C81C-45F6-A57F-5ABD9991F28F}") = "generic.EmberCore.OfflineHolder", "Addons\generic.EmberCore.OfflineHolder\generic.EmberCore.OfflineHolder.vbproj", "{E7FDD1C9-BCF7-4624-B033-D3888E422A8B}"
EndProject
Project("{FAE04EC0-301F-11D3-BF4B-00C04F79EFBC}") = "WatTmdb", "WatTmdb\WatTmdb.csproj", "{EFC11645-FAB4-4C30-A498-29F5ECDF77E8}"
EndProject
Project("{FAE04EC0-301F-11D3-BF4B-00C04F79EFBC}") = "FanartTVAPI", "FanartTVAPI\FanartTVAPI.csproj", "{70F651C6-6BB4-4E4D-AD6C-25C36CA1E9E6}"
EndProject
Project("{FAE04EC0-301F-11D3-BF4B-00C04F79EFBC}") = "RottenTomatoesAPI", "RottenTomatoesAPI\RottenTomatoesAPI.csproj", "{8DAFAF56-AD78-4B47-866F-E8179511AF5B}"
EndProject
Project("{F184B08F-C81C-45F6-A57F-5ABD9991F28F}") = "scraper.FanartTV.Poster", "Addons\scraper.FanartTV.Poster\scraper.FanartTV.Poster.vbproj", "{A5277330-A443-46AB-A058-016A3B6AF8AC}"
EndProject
Project("{F184B08F-C81C-45F6-A57F-5ABD9991F28F}") = "scraper.IMDB.Data", "Addons\scraper.IMDB.Data\scraper.IMDB.Data.vbproj", "{D3C1A3C4-A060-40DF-ACE4-143F7F102A24}"
EndProject
Project("{F184B08F-C81C-45F6-A57F-5ABD9991F28F}") = "scraper.IMPA.Poster", "Addons\scraper.IMPA.Poster\scraper.IMPA.Poster.vbproj", "{D9878E03-87D7-429E-AA0C-A7116A31FA7F}"
EndProject
Project("{F184B08F-C81C-45F6-A57F-5ABD9991F28F}") = "scraper.MPDB.Poster", "Addons\scraper.MPDB.Poster\scraper.MPDB.Poster.vbproj", "{72A8EF23-3379-4C72-B212-A14A3C286D9C}"
EndProject
Project("{F184B08F-C81C-45F6-A57F-5ABD9991F28F}") = "scraper.OFDB.Data", "Addons\scraper.OFDB.Data\scraper.OFDB.Data.vbproj", "{39C49E1A-75BA-4AD1-9286-58E83D22BC1E}"
EndProject
Project("{F184B08F-C81C-45F6-A57F-5ABD9991F28F}") = "scraper.TMDB.Data", "Addons\scraper.TMDB.Data\scraper.TMDB.Data.vbproj", "{A9188CF1-BD07-4D24-BC4A-906A43012F37}"
EndProject
Project("{F184B08F-C81C-45F6-A57F-5ABD9991F28F}") = "scraper.TMDB.Poster", "Addons\scraper.TMDB.Poster\scraper.TMDB.Poster.vbproj", "{2B684C20-7E1A-4DA0-8C26-96DA1407B2C3}"
EndProject
Project("{F184B08F-C81C-45F6-A57F-5ABD9991F28F}") = "scraper.TVDB.Data.Poster", "Addons\scraper.TVDB.Poster\scraper.TVDB.Data.Poster.vbproj", "{3FAF50AA-AD5F-455A-8711-6D791C457F0F}"
EndProject
Project("{F184B08F-C81C-45F6-A57F-5ABD9991F28F}") = "scraper.IMDB.Poster", "Addons\scraper.IMDB.Poster\scraper.IMDB.Poster.vbproj", "{33F99994-12CA-4FAB-B62D-741F7AE35F4B}"
EndProject
Project("{F184B08F-C81C-45F6-A57F-5ABD9991F28F}") = "scraper.IMDB.Trailer", "Addons\scraper.IMDB.Trailer\scraper.IMDB.Trailer.vbproj", "{194445BE-3721-4270-984D-FA978D5F34A0}"
EndProject
Project("{F184B08F-C81C-45F6-A57F-5ABD9991F28F}") = "scraper.TMDB.Trailer", "Addons\scraper.TMDB.Trailer\scraper.TMDB.Trailer.vbproj", "{0BEBA16B-9A83-4BD5-A476-B366451F0907}"
EndProject
Project("{F184B08F-C81C-45F6-A57F-5ABD9991F28F}") = "generic.EmberCore.Trakt", "Addons\generic.EmberCore.Trakt\generic.EmberCore.Trakt.vbproj", "{6F30E40B-6D85-4EE7-9474-5F82E96E1817}"
EndProject
Project("{F184B08F-C81C-45F6-A57F-5ABD9991F28F}") = "generic.EmberCore.MediaSources", "Addons\generic.EmberCore.MediaSources\generic.EmberCore.MediaSources.vbproj", "{386116B7-7870-4F91-9DEC-C79062882E3E}"
EndProject
Project("{F184B08F-C81C-45F6-A57F-5ABD9991F28F}") = "generic.EmberCore.MetadataEditor", "Addons\generic.Embercore.MetadataEditor\generic.EmberCore.MetadataEditor.vbproj", "{17FE77F6-AD33-4798-A677-926D1453B31E}"
EndProject
Project("{F184B08F-C81C-45F6-A57F-5ABD9991F28F}") = "generic.EmberCore.GenresEditor", "Addons\generic.EmberCore.GenresEditor\generic.EmberCore.GenresEditor.vbproj", "{5B501BD8-D4BC-4719-B708-D4B91E3530D1}"
EndProject
Project("{F184B08F-C81C-45F6-A57F-5ABD9991F28F}") = "generic.Compatibility.YAMJ", "Addons\generic.Compatibility.YAMJ\generic.Compatibility.YAMJ.vbproj", "{859C1085-518B-49D2-9C84-D91C4094097F}"
EndProject
Project("{F184B08F-C81C-45F6-A57F-5ABD9991F28F}") = "generic.Compatibility.MediaBrowser", "Addons\generic.Compatibility.MediaBrowser\generic.Compatibility.MediaBrowser.vbproj", "{2918A276-E3E5-4625-A411-6863C6D29EE6}"
EndProject
Project("{F184B08F-C81C-45F6-A57F-5ABD9991F28F}") = "generic.Compatibility.Boxee", "Addons\generic.Compatibility.Boxee\generic.Compatibility.Boxee.vbproj", "{32911C6E-DFB0-4A6B-8267-3489DAD544C1}"
EndProject
Project("{FAE04EC0-301F-11D3-BF4B-00C04F79EFBC}") = "Trakttv", "Trakttv\Trakttv.csproj", "{857E14F3-060A-467E-9195-6165996D7BA3}"
EndProject
Global
	GlobalSection(SolutionConfigurationPlatforms) = preSolution
		Debug|Any CPU = Debug|Any CPU
		Debug|Mixed Platforms = Debug|Mixed Platforms
		Debug|x86 = Debug|x86
		Release|Any CPU = Release|Any CPU
		Release|Mixed Platforms = Release|Mixed Platforms
		Release|x86 = Release|x86
	EndGlobalSection
	GlobalSection(ProjectConfigurationPlatforms) = postSolution
		{9B57D3AB-AF12-4012-B945-284C2448DC81}.Debug|Any CPU.ActiveCfg = Debug|x86
		{9B57D3AB-AF12-4012-B945-284C2448DC81}.Debug|Mixed Platforms.ActiveCfg = Debug|x86
		{9B57D3AB-AF12-4012-B945-284C2448DC81}.Debug|Mixed Platforms.Build.0 = Debug|x86
		{9B57D3AB-AF12-4012-B945-284C2448DC81}.Debug|x86.ActiveCfg = Debug|x86
		{9B57D3AB-AF12-4012-B945-284C2448DC81}.Debug|x86.Build.0 = Debug|x86
		{9B57D3AB-AF12-4012-B945-284C2448DC81}.Release|Any CPU.ActiveCfg = Release|x86
		{9B57D3AB-AF12-4012-B945-284C2448DC81}.Release|Mixed Platforms.ActiveCfg = Release|x86
		{9B57D3AB-AF12-4012-B945-284C2448DC81}.Release|Mixed Platforms.Build.0 = Release|x86
		{9B57D3AB-AF12-4012-B945-284C2448DC81}.Release|x86.ActiveCfg = Release|x86
		{9B57D3AB-AF12-4012-B945-284C2448DC81}.Release|x86.Build.0 = Release|x86
		{208AA35E-C6AE-4D2D-A9DD-B6EFD19A4279}.Debug|Any CPU.ActiveCfg = Debug|x86
		{208AA35E-C6AE-4D2D-A9DD-B6EFD19A4279}.Debug|Mixed Platforms.ActiveCfg = Debug|x86
		{208AA35E-C6AE-4D2D-A9DD-B6EFD19A4279}.Debug|Mixed Platforms.Build.0 = Debug|x86
		{208AA35E-C6AE-4D2D-A9DD-B6EFD19A4279}.Debug|x86.ActiveCfg = Debug|x86
		{208AA35E-C6AE-4D2D-A9DD-B6EFD19A4279}.Debug|x86.Build.0 = Debug|x86
		{208AA35E-C6AE-4D2D-A9DD-B6EFD19A4279}.Release|Any CPU.ActiveCfg = Release|x86
		{208AA35E-C6AE-4D2D-A9DD-B6EFD19A4279}.Release|Mixed Platforms.ActiveCfg = Release|x86
		{208AA35E-C6AE-4D2D-A9DD-B6EFD19A4279}.Release|Mixed Platforms.Build.0 = Release|x86
		{208AA35E-C6AE-4D2D-A9DD-B6EFD19A4279}.Release|x86.ActiveCfg = Release|x86
		{208AA35E-C6AE-4D2D-A9DD-B6EFD19A4279}.Release|x86.Build.0 = Release|x86
		{EAAB0601-6478-44D2-A39C-89B0850D7833}.Debug|Any CPU.ActiveCfg = Debug|x86
		{EAAB0601-6478-44D2-A39C-89B0850D7833}.Debug|Mixed Platforms.ActiveCfg = Debug|x86
		{EAAB0601-6478-44D2-A39C-89B0850D7833}.Debug|Mixed Platforms.Build.0 = Debug|x86
		{EAAB0601-6478-44D2-A39C-89B0850D7833}.Debug|x86.ActiveCfg = Debug|x86
		{EAAB0601-6478-44D2-A39C-89B0850D7833}.Debug|x86.Build.0 = Debug|x86
		{EAAB0601-6478-44D2-A39C-89B0850D7833}.Release|Any CPU.ActiveCfg = Release|x86
		{EAAB0601-6478-44D2-A39C-89B0850D7833}.Release|Mixed Platforms.ActiveCfg = Release|x86
		{EAAB0601-6478-44D2-A39C-89B0850D7833}.Release|Mixed Platforms.Build.0 = Release|x86
		{EAAB0601-6478-44D2-A39C-89B0850D7833}.Release|x86.ActiveCfg = Release|x86
		{EAAB0601-6478-44D2-A39C-89B0850D7833}.Release|x86.Build.0 = Release|x86
		{B413DEAF-4FDC-416A-B3E0-968C1C8F3F83}.Debug|Any CPU.ActiveCfg = Debug|x86
		{B413DEAF-4FDC-416A-B3E0-968C1C8F3F83}.Debug|Mixed Platforms.ActiveCfg = Debug|x86
		{B413DEAF-4FDC-416A-B3E0-968C1C8F3F83}.Debug|Mixed Platforms.Build.0 = Debug|x86
		{B413DEAF-4FDC-416A-B3E0-968C1C8F3F83}.Debug|x86.ActiveCfg = Debug|x86
		{B413DEAF-4FDC-416A-B3E0-968C1C8F3F83}.Debug|x86.Build.0 = Debug|x86
		{B413DEAF-4FDC-416A-B3E0-968C1C8F3F83}.Release|Any CPU.ActiveCfg = Release|x86
		{B413DEAF-4FDC-416A-B3E0-968C1C8F3F83}.Release|Mixed Platforms.ActiveCfg = Release|x86
		{B413DEAF-4FDC-416A-B3E0-968C1C8F3F83}.Release|Mixed Platforms.Build.0 = Release|x86
		{B413DEAF-4FDC-416A-B3E0-968C1C8F3F83}.Release|x86.ActiveCfg = Release|x86
		{B413DEAF-4FDC-416A-B3E0-968C1C8F3F83}.Release|x86.Build.0 = Release|x86
		{F6CACA89-E8E4-45D9-B942-97FBD4ADD106}.Debug|Any CPU.ActiveCfg = Debug|x86
		{F6CACA89-E8E4-45D9-B942-97FBD4ADD106}.Debug|Mixed Platforms.ActiveCfg = Debug|x86
		{F6CACA89-E8E4-45D9-B942-97FBD4ADD106}.Debug|Mixed Platforms.Build.0 = Debug|x86
		{F6CACA89-E8E4-45D9-B942-97FBD4ADD106}.Debug|x86.ActiveCfg = Debug|x86
		{F6CACA89-E8E4-45D9-B942-97FBD4ADD106}.Debug|x86.Build.0 = Debug|x86
		{F6CACA89-E8E4-45D9-B942-97FBD4ADD106}.Release|Any CPU.ActiveCfg = Release|x86
		{F6CACA89-E8E4-45D9-B942-97FBD4ADD106}.Release|Mixed Platforms.ActiveCfg = Release|x86
		{F6CACA89-E8E4-45D9-B942-97FBD4ADD106}.Release|Mixed Platforms.Build.0 = Release|x86
		{F6CACA89-E8E4-45D9-B942-97FBD4ADD106}.Release|x86.ActiveCfg = Release|x86
		{F6CACA89-E8E4-45D9-B942-97FBD4ADD106}.Release|x86.Build.0 = Release|x86
		{B0BDF9C2-EB9C-4090-B9A9-B703DF00CCEF}.Debug|Any CPU.ActiveCfg = Debug|x86
		{B0BDF9C2-EB9C-4090-B9A9-B703DF00CCEF}.Debug|Mixed Platforms.ActiveCfg = Debug|x86
		{B0BDF9C2-EB9C-4090-B9A9-B703DF00CCEF}.Debug|Mixed Platforms.Build.0 = Debug|x86
		{B0BDF9C2-EB9C-4090-B9A9-B703DF00CCEF}.Debug|x86.ActiveCfg = Debug|x86
		{B0BDF9C2-EB9C-4090-B9A9-B703DF00CCEF}.Debug|x86.Build.0 = Debug|x86
		{B0BDF9C2-EB9C-4090-B9A9-B703DF00CCEF}.Release|Any CPU.ActiveCfg = Release|x86
		{B0BDF9C2-EB9C-4090-B9A9-B703DF00CCEF}.Release|Mixed Platforms.ActiveCfg = Release|x86
		{B0BDF9C2-EB9C-4090-B9A9-B703DF00CCEF}.Release|Mixed Platforms.Build.0 = Release|x86
		{B0BDF9C2-EB9C-4090-B9A9-B703DF00CCEF}.Release|x86.ActiveCfg = Release|x86
		{B0BDF9C2-EB9C-4090-B9A9-B703DF00CCEF}.Release|x86.Build.0 = Release|x86
		{84B2143A-D04F-4262-923D-21AEDF86E2B7}.Debug|Any CPU.ActiveCfg = Debug|x86
		{84B2143A-D04F-4262-923D-21AEDF86E2B7}.Debug|Mixed Platforms.ActiveCfg = Debug|x86
		{84B2143A-D04F-4262-923D-21AEDF86E2B7}.Debug|Mixed Platforms.Build.0 = Debug|x86
		{84B2143A-D04F-4262-923D-21AEDF86E2B7}.Debug|x86.ActiveCfg = Debug|x86
		{84B2143A-D04F-4262-923D-21AEDF86E2B7}.Debug|x86.Build.0 = Debug|x86
		{84B2143A-D04F-4262-923D-21AEDF86E2B7}.Release|Any CPU.ActiveCfg = Release|x86
		{84B2143A-D04F-4262-923D-21AEDF86E2B7}.Release|Mixed Platforms.ActiveCfg = Release|x86
		{84B2143A-D04F-4262-923D-21AEDF86E2B7}.Release|Mixed Platforms.Build.0 = Release|x86
		{84B2143A-D04F-4262-923D-21AEDF86E2B7}.Release|x86.ActiveCfg = Release|x86
		{84B2143A-D04F-4262-923D-21AEDF86E2B7}.Release|x86.Build.0 = Release|x86
		{2A08A524-88DA-432F-92E6-8DC63C5376DA}.Debug|Any CPU.ActiveCfg = Debug|x86
		{2A08A524-88DA-432F-92E6-8DC63C5376DA}.Debug|Mixed Platforms.ActiveCfg = Debug|x86
		{2A08A524-88DA-432F-92E6-8DC63C5376DA}.Debug|Mixed Platforms.Build.0 = Debug|x86
		{2A08A524-88DA-432F-92E6-8DC63C5376DA}.Debug|x86.ActiveCfg = Debug|x86
		{2A08A524-88DA-432F-92E6-8DC63C5376DA}.Debug|x86.Build.0 = Debug|x86
		{2A08A524-88DA-432F-92E6-8DC63C5376DA}.Release|Any CPU.ActiveCfg = Release|x86
		{2A08A524-88DA-432F-92E6-8DC63C5376DA}.Release|Mixed Platforms.ActiveCfg = Release|x86
		{2A08A524-88DA-432F-92E6-8DC63C5376DA}.Release|Mixed Platforms.Build.0 = Release|x86
		{2A08A524-88DA-432F-92E6-8DC63C5376DA}.Release|x86.ActiveCfg = Release|x86
		{2A08A524-88DA-432F-92E6-8DC63C5376DA}.Release|x86.Build.0 = Release|x86
		{E7FDD1C9-BCF7-4624-B033-D3888E422A8B}.Debug|Any CPU.ActiveCfg = Debug|x86
		{E7FDD1C9-BCF7-4624-B033-D3888E422A8B}.Debug|Mixed Platforms.ActiveCfg = Debug|x86
		{E7FDD1C9-BCF7-4624-B033-D3888E422A8B}.Debug|Mixed Platforms.Build.0 = Debug|x86
		{E7FDD1C9-BCF7-4624-B033-D3888E422A8B}.Debug|x86.ActiveCfg = Debug|x86
		{E7FDD1C9-BCF7-4624-B033-D3888E422A8B}.Debug|x86.Build.0 = Debug|x86
		{E7FDD1C9-BCF7-4624-B033-D3888E422A8B}.Release|Any CPU.ActiveCfg = Release|x86
		{E7FDD1C9-BCF7-4624-B033-D3888E422A8B}.Release|Mixed Platforms.ActiveCfg = Release|x86
		{E7FDD1C9-BCF7-4624-B033-D3888E422A8B}.Release|Mixed Platforms.Build.0 = Release|x86
		{E7FDD1C9-BCF7-4624-B033-D3888E422A8B}.Release|x86.ActiveCfg = Release|x86
		{E7FDD1C9-BCF7-4624-B033-D3888E422A8B}.Release|x86.Build.0 = Release|x86
		{EFC11645-FAB4-4C30-A498-29F5ECDF77E8}.Debug|Any CPU.ActiveCfg = Debug|Any CPU
		{EFC11645-FAB4-4C30-A498-29F5ECDF77E8}.Debug|Any CPU.Build.0 = Debug|Any CPU
		{EFC11645-FAB4-4C30-A498-29F5ECDF77E8}.Debug|Mixed Platforms.ActiveCfg = Debug|Any CPU
		{EFC11645-FAB4-4C30-A498-29F5ECDF77E8}.Debug|Mixed Platforms.Build.0 = Debug|Any CPU
		{EFC11645-FAB4-4C30-A498-29F5ECDF77E8}.Debug|x86.ActiveCfg = Debug|Any CPU
		{EFC11645-FAB4-4C30-A498-29F5ECDF77E8}.Debug|x86.Build.0 = Debug|Any CPU
		{EFC11645-FAB4-4C30-A498-29F5ECDF77E8}.Release|Any CPU.ActiveCfg = Release|Any CPU
		{EFC11645-FAB4-4C30-A498-29F5ECDF77E8}.Release|Any CPU.Build.0 = Release|Any CPU
		{EFC11645-FAB4-4C30-A498-29F5ECDF77E8}.Release|Mixed Platforms.ActiveCfg = Release|Any CPU
		{EFC11645-FAB4-4C30-A498-29F5ECDF77E8}.Release|Mixed Platforms.Build.0 = Release|Any CPU
		{EFC11645-FAB4-4C30-A498-29F5ECDF77E8}.Release|x86.ActiveCfg = Release|Any CPU
		{EFC11645-FAB4-4C30-A498-29F5ECDF77E8}.Release|x86.Build.0 = Release|Any CPU
		{70F651C6-6BB4-4E4D-AD6C-25C36CA1E9E6}.Debug|Any CPU.ActiveCfg = Debug|Any CPU
		{70F651C6-6BB4-4E4D-AD6C-25C36CA1E9E6}.Debug|Any CPU.Build.0 = Debug|Any CPU
		{70F651C6-6BB4-4E4D-AD6C-25C36CA1E9E6}.Debug|Mixed Platforms.ActiveCfg = Debug|Any CPU
		{70F651C6-6BB4-4E4D-AD6C-25C36CA1E9E6}.Debug|Mixed Platforms.Build.0 = Debug|Any CPU
		{70F651C6-6BB4-4E4D-AD6C-25C36CA1E9E6}.Debug|x86.ActiveCfg = Debug|Any CPU
		{70F651C6-6BB4-4E4D-AD6C-25C36CA1E9E6}.Debug|x86.Build.0 = Debug|Any CPU
		{70F651C6-6BB4-4E4D-AD6C-25C36CA1E9E6}.Release|Any CPU.ActiveCfg = Release|Any CPU
		{70F651C6-6BB4-4E4D-AD6C-25C36CA1E9E6}.Release|Any CPU.Build.0 = Release|Any CPU
		{70F651C6-6BB4-4E4D-AD6C-25C36CA1E9E6}.Release|Mixed Platforms.ActiveCfg = Release|Any CPU
		{70F651C6-6BB4-4E4D-AD6C-25C36CA1E9E6}.Release|Mixed Platforms.Build.0 = Release|Any CPU
		{70F651C6-6BB4-4E4D-AD6C-25C36CA1E9E6}.Release|x86.ActiveCfg = Release|Any CPU
		{70F651C6-6BB4-4E4D-AD6C-25C36CA1E9E6}.Release|x86.Build.0 = Release|Any CPU
		{8DAFAF56-AD78-4B47-866F-E8179511AF5B}.Debug|Any CPU.ActiveCfg = Debug|Any CPU
		{8DAFAF56-AD78-4B47-866F-E8179511AF5B}.Debug|Any CPU.Build.0 = Debug|Any CPU
		{8DAFAF56-AD78-4B47-866F-E8179511AF5B}.Debug|Mixed Platforms.ActiveCfg = Debug|Any CPU
		{8DAFAF56-AD78-4B47-866F-E8179511AF5B}.Debug|Mixed Platforms.Build.0 = Debug|Any CPU
		{8DAFAF56-AD78-4B47-866F-E8179511AF5B}.Debug|x86.ActiveCfg = Debug|Any CPU
		{8DAFAF56-AD78-4B47-866F-E8179511AF5B}.Debug|x86.Build.0 = Debug|Any CPU
		{8DAFAF56-AD78-4B47-866F-E8179511AF5B}.Release|Any CPU.ActiveCfg = Release|Any CPU
		{8DAFAF56-AD78-4B47-866F-E8179511AF5B}.Release|Any CPU.Build.0 = Release|Any CPU
		{8DAFAF56-AD78-4B47-866F-E8179511AF5B}.Release|Mixed Platforms.ActiveCfg = Release|Any CPU
		{8DAFAF56-AD78-4B47-866F-E8179511AF5B}.Release|Mixed Platforms.Build.0 = Release|Any CPU
		{8DAFAF56-AD78-4B47-866F-E8179511AF5B}.Release|x86.ActiveCfg = Release|Any CPU
		{8DAFAF56-AD78-4B47-866F-E8179511AF5B}.Release|x86.Build.0 = Release|Any CPU
		{A5277330-A443-46AB-A058-016A3B6AF8AC}.Debug|Any CPU.ActiveCfg = Debug|x86
		{A5277330-A443-46AB-A058-016A3B6AF8AC}.Debug|Mixed Platforms.ActiveCfg = Debug|x86
		{A5277330-A443-46AB-A058-016A3B6AF8AC}.Debug|Mixed Platforms.Build.0 = Debug|x86
		{A5277330-A443-46AB-A058-016A3B6AF8AC}.Debug|x86.ActiveCfg = Debug|x86
		{A5277330-A443-46AB-A058-016A3B6AF8AC}.Debug|x86.Build.0 = Debug|x86
		{A5277330-A443-46AB-A058-016A3B6AF8AC}.Release|Any CPU.ActiveCfg = Release|x86
		{A5277330-A443-46AB-A058-016A3B6AF8AC}.Release|Mixed Platforms.ActiveCfg = Release|x86
		{A5277330-A443-46AB-A058-016A3B6AF8AC}.Release|Mixed Platforms.Build.0 = Release|x86
		{A5277330-A443-46AB-A058-016A3B6AF8AC}.Release|x86.ActiveCfg = Release|x86
		{A5277330-A443-46AB-A058-016A3B6AF8AC}.Release|x86.Build.0 = Release|x86
		{D3C1A3C4-A060-40DF-ACE4-143F7F102A24}.Debug|Any CPU.ActiveCfg = Debug|x86
		{D3C1A3C4-A060-40DF-ACE4-143F7F102A24}.Debug|Mixed Platforms.ActiveCfg = Debug|x86
		{D3C1A3C4-A060-40DF-ACE4-143F7F102A24}.Debug|Mixed Platforms.Build.0 = Debug|x86
		{D3C1A3C4-A060-40DF-ACE4-143F7F102A24}.Debug|x86.ActiveCfg = Debug|x86
		{D3C1A3C4-A060-40DF-ACE4-143F7F102A24}.Debug|x86.Build.0 = Debug|x86
		{D3C1A3C4-A060-40DF-ACE4-143F7F102A24}.Release|Any CPU.ActiveCfg = Release|x86
		{D3C1A3C4-A060-40DF-ACE4-143F7F102A24}.Release|Mixed Platforms.ActiveCfg = Release|x86
		{D3C1A3C4-A060-40DF-ACE4-143F7F102A24}.Release|Mixed Platforms.Build.0 = Release|x86
		{D3C1A3C4-A060-40DF-ACE4-143F7F102A24}.Release|x86.ActiveCfg = Release|x86
		{D3C1A3C4-A060-40DF-ACE4-143F7F102A24}.Release|x86.Build.0 = Release|x86
		{D9878E03-87D7-429E-AA0C-A7116A31FA7F}.Debug|Any CPU.ActiveCfg = Debug|x86
		{D9878E03-87D7-429E-AA0C-A7116A31FA7F}.Debug|Mixed Platforms.ActiveCfg = Debug|x86
		{D9878E03-87D7-429E-AA0C-A7116A31FA7F}.Debug|Mixed Platforms.Build.0 = Debug|x86
		{D9878E03-87D7-429E-AA0C-A7116A31FA7F}.Debug|x86.ActiveCfg = Debug|x86
		{D9878E03-87D7-429E-AA0C-A7116A31FA7F}.Debug|x86.Build.0 = Debug|x86
		{D9878E03-87D7-429E-AA0C-A7116A31FA7F}.Release|Any CPU.ActiveCfg = Release|x86
		{D9878E03-87D7-429E-AA0C-A7116A31FA7F}.Release|Mixed Platforms.ActiveCfg = Release|x86
		{D9878E03-87D7-429E-AA0C-A7116A31FA7F}.Release|Mixed Platforms.Build.0 = Release|x86
		{D9878E03-87D7-429E-AA0C-A7116A31FA7F}.Release|x86.ActiveCfg = Release|x86
		{D9878E03-87D7-429E-AA0C-A7116A31FA7F}.Release|x86.Build.0 = Release|x86
		{72A8EF23-3379-4C72-B212-A14A3C286D9C}.Debug|Any CPU.ActiveCfg = Debug|x86
		{72A8EF23-3379-4C72-B212-A14A3C286D9C}.Debug|Mixed Platforms.ActiveCfg = Debug|x86
		{72A8EF23-3379-4C72-B212-A14A3C286D9C}.Debug|Mixed Platforms.Build.0 = Debug|x86
		{72A8EF23-3379-4C72-B212-A14A3C286D9C}.Debug|x86.ActiveCfg = Debug|x86
		{72A8EF23-3379-4C72-B212-A14A3C286D9C}.Debug|x86.Build.0 = Debug|x86
		{72A8EF23-3379-4C72-B212-A14A3C286D9C}.Release|Any CPU.ActiveCfg = Release|x86
		{72A8EF23-3379-4C72-B212-A14A3C286D9C}.Release|Mixed Platforms.ActiveCfg = Release|x86
		{72A8EF23-3379-4C72-B212-A14A3C286D9C}.Release|Mixed Platforms.Build.0 = Release|x86
		{72A8EF23-3379-4C72-B212-A14A3C286D9C}.Release|x86.ActiveCfg = Release|x86
		{72A8EF23-3379-4C72-B212-A14A3C286D9C}.Release|x86.Build.0 = Release|x86
		{39C49E1A-75BA-4AD1-9286-58E83D22BC1E}.Debug|Any CPU.ActiveCfg = Debug|x86
		{39C49E1A-75BA-4AD1-9286-58E83D22BC1E}.Debug|Mixed Platforms.ActiveCfg = Debug|x86
		{39C49E1A-75BA-4AD1-9286-58E83D22BC1E}.Debug|Mixed Platforms.Build.0 = Debug|x86
		{39C49E1A-75BA-4AD1-9286-58E83D22BC1E}.Debug|x86.ActiveCfg = Debug|x86
		{39C49E1A-75BA-4AD1-9286-58E83D22BC1E}.Debug|x86.Build.0 = Debug|x86
		{39C49E1A-75BA-4AD1-9286-58E83D22BC1E}.Release|Any CPU.ActiveCfg = Release|x86
		{39C49E1A-75BA-4AD1-9286-58E83D22BC1E}.Release|Mixed Platforms.ActiveCfg = Release|x86
		{39C49E1A-75BA-4AD1-9286-58E83D22BC1E}.Release|Mixed Platforms.Build.0 = Release|x86
		{39C49E1A-75BA-4AD1-9286-58E83D22BC1E}.Release|x86.ActiveCfg = Release|x86
		{39C49E1A-75BA-4AD1-9286-58E83D22BC1E}.Release|x86.Build.0 = Release|x86
		{A9188CF1-BD07-4D24-BC4A-906A43012F37}.Debug|Any CPU.ActiveCfg = Debug|x86
		{A9188CF1-BD07-4D24-BC4A-906A43012F37}.Debug|Mixed Platforms.ActiveCfg = Debug|x86
		{A9188CF1-BD07-4D24-BC4A-906A43012F37}.Debug|Mixed Platforms.Build.0 = Debug|x86
		{A9188CF1-BD07-4D24-BC4A-906A43012F37}.Debug|x86.ActiveCfg = Debug|x86
		{A9188CF1-BD07-4D24-BC4A-906A43012F37}.Debug|x86.Build.0 = Debug|x86
		{A9188CF1-BD07-4D24-BC4A-906A43012F37}.Release|Any CPU.ActiveCfg = Release|x86
		{A9188CF1-BD07-4D24-BC4A-906A43012F37}.Release|Mixed Platforms.ActiveCfg = Release|x86
		{A9188CF1-BD07-4D24-BC4A-906A43012F37}.Release|Mixed Platforms.Build.0 = Release|x86
		{A9188CF1-BD07-4D24-BC4A-906A43012F37}.Release|x86.ActiveCfg = Release|x86
		{A9188CF1-BD07-4D24-BC4A-906A43012F37}.Release|x86.Build.0 = Release|x86
		{2B684C20-7E1A-4DA0-8C26-96DA1407B2C3}.Debug|Any CPU.ActiveCfg = Debug|x86
		{2B684C20-7E1A-4DA0-8C26-96DA1407B2C3}.Debug|Mixed Platforms.ActiveCfg = Debug|x86
		{2B684C20-7E1A-4DA0-8C26-96DA1407B2C3}.Debug|Mixed Platforms.Build.0 = Debug|x86
		{2B684C20-7E1A-4DA0-8C26-96DA1407B2C3}.Debug|x86.ActiveCfg = Debug|x86
		{2B684C20-7E1A-4DA0-8C26-96DA1407B2C3}.Debug|x86.Build.0 = Debug|x86
		{2B684C20-7E1A-4DA0-8C26-96DA1407B2C3}.Release|Any CPU.ActiveCfg = Release|x86
		{2B684C20-7E1A-4DA0-8C26-96DA1407B2C3}.Release|Mixed Platforms.ActiveCfg = Release|x86
		{2B684C20-7E1A-4DA0-8C26-96DA1407B2C3}.Release|Mixed Platforms.Build.0 = Release|x86
		{2B684C20-7E1A-4DA0-8C26-96DA1407B2C3}.Release|x86.ActiveCfg = Release|x86
		{2B684C20-7E1A-4DA0-8C26-96DA1407B2C3}.Release|x86.Build.0 = Release|x86
		{3FAF50AA-AD5F-455A-8711-6D791C457F0F}.Debug|Any CPU.ActiveCfg = Debug|x86
		{3FAF50AA-AD5F-455A-8711-6D791C457F0F}.Debug|Mixed Platforms.ActiveCfg = Debug|x86
		{3FAF50AA-AD5F-455A-8711-6D791C457F0F}.Debug|Mixed Platforms.Build.0 = Debug|x86
		{3FAF50AA-AD5F-455A-8711-6D791C457F0F}.Debug|x86.ActiveCfg = Debug|x86
		{3FAF50AA-AD5F-455A-8711-6D791C457F0F}.Debug|x86.Build.0 = Debug|x86
		{3FAF50AA-AD5F-455A-8711-6D791C457F0F}.Release|Any CPU.ActiveCfg = Release|x86
		{3FAF50AA-AD5F-455A-8711-6D791C457F0F}.Release|Mixed Platforms.ActiveCfg = Release|x86
		{3FAF50AA-AD5F-455A-8711-6D791C457F0F}.Release|Mixed Platforms.Build.0 = Release|x86
		{3FAF50AA-AD5F-455A-8711-6D791C457F0F}.Release|x86.ActiveCfg = Release|x86
		{3FAF50AA-AD5F-455A-8711-6D791C457F0F}.Release|x86.Build.0 = Release|x86
		{33F99994-12CA-4FAB-B62D-741F7AE35F4B}.Debug|Any CPU.ActiveCfg = Debug|x86
		{33F99994-12CA-4FAB-B62D-741F7AE35F4B}.Debug|Mixed Platforms.ActiveCfg = Debug|x86
		{33F99994-12CA-4FAB-B62D-741F7AE35F4B}.Debug|Mixed Platforms.Build.0 = Debug|x86
		{33F99994-12CA-4FAB-B62D-741F7AE35F4B}.Debug|x86.ActiveCfg = Debug|x86
		{33F99994-12CA-4FAB-B62D-741F7AE35F4B}.Debug|x86.Build.0 = Debug|x86
		{33F99994-12CA-4FAB-B62D-741F7AE35F4B}.Release|Any CPU.ActiveCfg = Release|x86
		{33F99994-12CA-4FAB-B62D-741F7AE35F4B}.Release|Mixed Platforms.ActiveCfg = Release|x86
		{33F99994-12CA-4FAB-B62D-741F7AE35F4B}.Release|Mixed Platforms.Build.0 = Release|x86
		{33F99994-12CA-4FAB-B62D-741F7AE35F4B}.Release|x86.ActiveCfg = Release|x86
		{33F99994-12CA-4FAB-B62D-741F7AE35F4B}.Release|x86.Build.0 = Release|x86
		{194445BE-3721-4270-984D-FA978D5F34A0}.Debug|Any CPU.ActiveCfg = Debug|x86
		{194445BE-3721-4270-984D-FA978D5F34A0}.Debug|Mixed Platforms.ActiveCfg = Debug|x86
		{194445BE-3721-4270-984D-FA978D5F34A0}.Debug|Mixed Platforms.Build.0 = Debug|x86
		{194445BE-3721-4270-984D-FA978D5F34A0}.Debug|x86.ActiveCfg = Debug|x86
		{194445BE-3721-4270-984D-FA978D5F34A0}.Debug|x86.Build.0 = Debug|x86
		{194445BE-3721-4270-984D-FA978D5F34A0}.Release|Any CPU.ActiveCfg = Release|x86
		{194445BE-3721-4270-984D-FA978D5F34A0}.Release|Mixed Platforms.ActiveCfg = Release|x86
		{194445BE-3721-4270-984D-FA978D5F34A0}.Release|Mixed Platforms.Build.0 = Release|x86
		{194445BE-3721-4270-984D-FA978D5F34A0}.Release|x86.ActiveCfg = Release|x86
		{194445BE-3721-4270-984D-FA978D5F34A0}.Release|x86.Build.0 = Release|x86
		{0BEBA16B-9A83-4BD5-A476-B366451F0907}.Debug|Any CPU.ActiveCfg = Debug|x86
		{0BEBA16B-9A83-4BD5-A476-B366451F0907}.Debug|Mixed Platforms.ActiveCfg = Debug|x86
		{0BEBA16B-9A83-4BD5-A476-B366451F0907}.Debug|Mixed Platforms.Build.0 = Debug|x86
		{0BEBA16B-9A83-4BD5-A476-B366451F0907}.Debug|x86.ActiveCfg = Debug|x86
		{0BEBA16B-9A83-4BD5-A476-B366451F0907}.Debug|x86.Build.0 = Debug|x86
		{0BEBA16B-9A83-4BD5-A476-B366451F0907}.Release|Any CPU.ActiveCfg = Release|x86
		{0BEBA16B-9A83-4BD5-A476-B366451F0907}.Release|Mixed Platforms.ActiveCfg = Release|x86
		{0BEBA16B-9A83-4BD5-A476-B366451F0907}.Release|Mixed Platforms.Build.0 = Release|x86
		{0BEBA16B-9A83-4BD5-A476-B366451F0907}.Release|x86.ActiveCfg = Release|x86
		{0BEBA16B-9A83-4BD5-A476-B366451F0907}.Release|x86.Build.0 = Release|x86
		{6F30E40B-6D85-4EE7-9474-5F82E96E1817}.Debug|Any CPU.ActiveCfg = Debug|x86
		{6F30E40B-6D85-4EE7-9474-5F82E96E1817}.Debug|Mixed Platforms.ActiveCfg = Debug|x86
		{6F30E40B-6D85-4EE7-9474-5F82E96E1817}.Debug|Mixed Platforms.Build.0 = Debug|x86
		{6F30E40B-6D85-4EE7-9474-5F82E96E1817}.Debug|x86.ActiveCfg = Debug|x86
		{6F30E40B-6D85-4EE7-9474-5F82E96E1817}.Debug|x86.Build.0 = Debug|x86
		{6F30E40B-6D85-4EE7-9474-5F82E96E1817}.Release|Any CPU.ActiveCfg = Release|x86
		{6F30E40B-6D85-4EE7-9474-5F82E96E1817}.Release|Mixed Platforms.ActiveCfg = Release|x86
		{6F30E40B-6D85-4EE7-9474-5F82E96E1817}.Release|Mixed Platforms.Build.0 = Release|x86
		{6F30E40B-6D85-4EE7-9474-5F82E96E1817}.Release|x86.ActiveCfg = Release|x86
		{6F30E40B-6D85-4EE7-9474-5F82E96E1817}.Release|x86.Build.0 = Release|x86
		{386116B7-7870-4F91-9DEC-C79062882E3E}.Debug|Any CPU.ActiveCfg = Debug|x86
		{386116B7-7870-4F91-9DEC-C79062882E3E}.Debug|Mixed Platforms.ActiveCfg = Debug|x86
		{386116B7-7870-4F91-9DEC-C79062882E3E}.Debug|Mixed Platforms.Build.0 = Debug|x86
		{386116B7-7870-4F91-9DEC-C79062882E3E}.Debug|x86.ActiveCfg = Debug|x86
		{386116B7-7870-4F91-9DEC-C79062882E3E}.Debug|x86.Build.0 = Debug|x86
		{386116B7-7870-4F91-9DEC-C79062882E3E}.Release|Any CPU.ActiveCfg = Release|x86
		{386116B7-7870-4F91-9DEC-C79062882E3E}.Release|Mixed Platforms.ActiveCfg = Release|x86
		{386116B7-7870-4F91-9DEC-C79062882E3E}.Release|Mixed Platforms.Build.0 = Release|x86
		{386116B7-7870-4F91-9DEC-C79062882E3E}.Release|x86.ActiveCfg = Release|x86
		{386116B7-7870-4F91-9DEC-C79062882E3E}.Release|x86.Build.0 = Release|x86
		{17FE77F6-AD33-4798-A677-926D1453B31E}.Debug|Any CPU.ActiveCfg = Debug|x86
		{17FE77F6-AD33-4798-A677-926D1453B31E}.Debug|Mixed Platforms.ActiveCfg = Debug|x86
		{17FE77F6-AD33-4798-A677-926D1453B31E}.Debug|Mixed Platforms.Build.0 = Debug|x86
		{17FE77F6-AD33-4798-A677-926D1453B31E}.Debug|x86.ActiveCfg = Debug|x86
		{17FE77F6-AD33-4798-A677-926D1453B31E}.Debug|x86.Build.0 = Debug|x86
		{17FE77F6-AD33-4798-A677-926D1453B31E}.Release|Any CPU.ActiveCfg = Release|x86
		{17FE77F6-AD33-4798-A677-926D1453B31E}.Release|Mixed Platforms.ActiveCfg = Release|x86
		{17FE77F6-AD33-4798-A677-926D1453B31E}.Release|Mixed Platforms.Build.0 = Release|x86
		{17FE77F6-AD33-4798-A677-926D1453B31E}.Release|x86.ActiveCfg = Release|x86
		{17FE77F6-AD33-4798-A677-926D1453B31E}.Release|x86.Build.0 = Release|x86
		{5B501BD8-D4BC-4719-B708-D4B91E3530D1}.Debug|Any CPU.ActiveCfg = Debug|x86
		{5B501BD8-D4BC-4719-B708-D4B91E3530D1}.Debug|Mixed Platforms.ActiveCfg = Debug|x86
		{5B501BD8-D4BC-4719-B708-D4B91E3530D1}.Debug|Mixed Platforms.Build.0 = Debug|x86
		{5B501BD8-D4BC-4719-B708-D4B91E3530D1}.Debug|x86.ActiveCfg = Debug|x86
		{5B501BD8-D4BC-4719-B708-D4B91E3530D1}.Debug|x86.Build.0 = Debug|x86
		{5B501BD8-D4BC-4719-B708-D4B91E3530D1}.Release|Any CPU.ActiveCfg = Release|x86
		{5B501BD8-D4BC-4719-B708-D4B91E3530D1}.Release|Mixed Platforms.ActiveCfg = Release|x86
		{5B501BD8-D4BC-4719-B708-D4B91E3530D1}.Release|Mixed Platforms.Build.0 = Release|x86
		{5B501BD8-D4BC-4719-B708-D4B91E3530D1}.Release|x86.ActiveCfg = Release|x86
		{5B501BD8-D4BC-4719-B708-D4B91E3530D1}.Release|x86.Build.0 = Release|x86
		{859C1085-518B-49D2-9C84-D91C4094097F}.Debug|Any CPU.ActiveCfg = Debug|x86
		{859C1085-518B-49D2-9C84-D91C4094097F}.Debug|Mixed Platforms.ActiveCfg = Debug|x86
		{859C1085-518B-49D2-9C84-D91C4094097F}.Debug|Mixed Platforms.Build.0 = Debug|x86
		{859C1085-518B-49D2-9C84-D91C4094097F}.Debug|x86.ActiveCfg = Debug|x86
		{859C1085-518B-49D2-9C84-D91C4094097F}.Debug|x86.Build.0 = Debug|x86
		{859C1085-518B-49D2-9C84-D91C4094097F}.Release|Any CPU.ActiveCfg = Release|x86
		{859C1085-518B-49D2-9C84-D91C4094097F}.Release|Mixed Platforms.ActiveCfg = Release|x86
		{859C1085-518B-49D2-9C84-D91C4094097F}.Release|Mixed Platforms.Build.0 = Release|x86
		{859C1085-518B-49D2-9C84-D91C4094097F}.Release|x86.ActiveCfg = Release|x86
		{859C1085-518B-49D2-9C84-D91C4094097F}.Release|x86.Build.0 = Release|x86
		{2918A276-E3E5-4625-A411-6863C6D29EE6}.Debug|Any CPU.ActiveCfg = Debug|x86
		{2918A276-E3E5-4625-A411-6863C6D29EE6}.Debug|Mixed Platforms.ActiveCfg = Debug|x86
		{2918A276-E3E5-4625-A411-6863C6D29EE6}.Debug|Mixed Platforms.Build.0 = Debug|x86
		{2918A276-E3E5-4625-A411-6863C6D29EE6}.Debug|x86.ActiveCfg = Debug|x86
		{2918A276-E3E5-4625-A411-6863C6D29EE6}.Debug|x86.Build.0 = Debug|x86
		{2918A276-E3E5-4625-A411-6863C6D29EE6}.Release|Any CPU.ActiveCfg = Release|x86
		{2918A276-E3E5-4625-A411-6863C6D29EE6}.Release|Mixed Platforms.ActiveCfg = Release|x86
		{2918A276-E3E5-4625-A411-6863C6D29EE6}.Release|Mixed Platforms.Build.0 = Release|x86
		{2918A276-E3E5-4625-A411-6863C6D29EE6}.Release|x86.ActiveCfg = Release|x86
		{2918A276-E3E5-4625-A411-6863C6D29EE6}.Release|x86.Build.0 = Release|x86
		{32911C6E-DFB0-4A6B-8267-3489DAD544C1}.Debug|Any CPU.ActiveCfg = Debug|x86
		{32911C6E-DFB0-4A6B-8267-3489DAD544C1}.Debug|Mixed Platforms.ActiveCfg = Debug|x86
		{32911C6E-DFB0-4A6B-8267-3489DAD544C1}.Debug|Mixed Platforms.Build.0 = Debug|x86
		{32911C6E-DFB0-4A6B-8267-3489DAD544C1}.Debug|x86.ActiveCfg = Debug|x86
		{32911C6E-DFB0-4A6B-8267-3489DAD544C1}.Debug|x86.Build.0 = Debug|x86
		{32911C6E-DFB0-4A6B-8267-3489DAD544C1}.Release|Any CPU.ActiveCfg = Release|x86
		{32911C6E-DFB0-4A6B-8267-3489DAD544C1}.Release|Mixed Platforms.ActiveCfg = Release|x86
		{32911C6E-DFB0-4A6B-8267-3489DAD544C1}.Release|Mixed Platforms.Build.0 = Release|x86
		{32911C6E-DFB0-4A6B-8267-3489DAD544C1}.Release|x86.ActiveCfg = Release|x86
		{32911C6E-DFB0-4A6B-8267-3489DAD544C1}.Release|x86.Build.0 = Release|x86
		{857E14F3-060A-467E-9195-6165996D7BA3}.Debug|Any CPU.ActiveCfg = Debug|Any CPU
		{857E14F3-060A-467E-9195-6165996D7BA3}.Debug|Any CPU.Build.0 = Debug|Any CPU
		{857E14F3-060A-467E-9195-6165996D7BA3}.Debug|Mixed Platforms.ActiveCfg = Debug|Any CPU
		{857E14F3-060A-467E-9195-6165996D7BA3}.Debug|Mixed Platforms.Build.0 = Debug|Any CPU
		{857E14F3-060A-467E-9195-6165996D7BA3}.Debug|x86.ActiveCfg = Debug|Any CPU
		{857E14F3-060A-467E-9195-6165996D7BA3}.Release|Any CPU.ActiveCfg = Release|Any CPU
		{857E14F3-060A-467E-9195-6165996D7BA3}.Release|Any CPU.Build.0 = Release|Any CPU
		{857E14F3-060A-467E-9195-6165996D7BA3}.Release|Mixed Platforms.ActiveCfg = Release|Any CPU
		{857E14F3-060A-467E-9195-6165996D7BA3}.Release|Mixed Platforms.Build.0 = Release|Any CPU
		{857E14F3-060A-467E-9195-6165996D7BA3}.Release|x86.ActiveCfg = Release|Any CPU
	EndGlobalSection
	GlobalSection(SolutionProperties) = preSolution
		HideSolutionNode = FALSE
	EndGlobalSection
	GlobalSection(NestedProjects) = preSolution
		{EAAB0601-6478-44D2-A39C-89B0850D7833} = {4FD2B635-11BD-4532-96F6-97ECB41072A1}
		{B413DEAF-4FDC-416A-B3E0-968C1C8F3F83} = {4FD2B635-11BD-4532-96F6-97ECB41072A1}
		{F6CACA89-E8E4-45D9-B942-97FBD4ADD106} = {4FD2B635-11BD-4532-96F6-97ECB41072A1}
		{B0BDF9C2-EB9C-4090-B9A9-B703DF00CCEF} = {4FD2B635-11BD-4532-96F6-97ECB41072A1}
		{84B2143A-D04F-4262-923D-21AEDF86E2B7} = {4FD2B635-11BD-4532-96F6-97ECB41072A1}
		{2A08A524-88DA-432F-92E6-8DC63C5376DA} = {4FD2B635-11BD-4532-96F6-97ECB41072A1}
		{E7FDD1C9-BCF7-4624-B033-D3888E422A8B} = {4FD2B635-11BD-4532-96F6-97ECB41072A1}
		{A5277330-A443-46AB-A058-016A3B6AF8AC} = {4FD2B635-11BD-4532-96F6-97ECB41072A1}
		{D3C1A3C4-A060-40DF-ACE4-143F7F102A24} = {4FD2B635-11BD-4532-96F6-97ECB41072A1}
		{D9878E03-87D7-429E-AA0C-A7116A31FA7F} = {4FD2B635-11BD-4532-96F6-97ECB41072A1}
		{72A8EF23-3379-4C72-B212-A14A3C286D9C} = {4FD2B635-11BD-4532-96F6-97ECB41072A1}
		{39C49E1A-75BA-4AD1-9286-58E83D22BC1E} = {4FD2B635-11BD-4532-96F6-97ECB41072A1}
		{A9188CF1-BD07-4D24-BC4A-906A43012F37} = {4FD2B635-11BD-4532-96F6-97ECB41072A1}
		{2B684C20-7E1A-4DA0-8C26-96DA1407B2C3} = {4FD2B635-11BD-4532-96F6-97ECB41072A1}
		{3FAF50AA-AD5F-455A-8711-6D791C457F0F} = {4FD2B635-11BD-4532-96F6-97ECB41072A1}
		{33F99994-12CA-4FAB-B62D-741F7AE35F4B} = {4FD2B635-11BD-4532-96F6-97ECB41072A1}
		{194445BE-3721-4270-984D-FA978D5F34A0} = {4FD2B635-11BD-4532-96F6-97ECB41072A1}
		{0BEBA16B-9A83-4BD5-A476-B366451F0907} = {4FD2B635-11BD-4532-96F6-97ECB41072A1}
		{6F30E40B-6D85-4EE7-9474-5F82E96E1817} = {4FD2B635-11BD-4532-96F6-97ECB41072A1}
		{386116B7-7870-4F91-9DEC-C79062882E3E} = {4FD2B635-11BD-4532-96F6-97ECB41072A1}
		{17FE77F6-AD33-4798-A677-926D1453B31E} = {4FD2B635-11BD-4532-96F6-97ECB41072A1}
		{5B501BD8-D4BC-4719-B708-D4B91E3530D1} = {4FD2B635-11BD-4532-96F6-97ECB41072A1}
		{859C1085-518B-49D2-9C84-D91C4094097F} = {4FD2B635-11BD-4532-96F6-97ECB41072A1}
		{2918A276-E3E5-4625-A411-6863C6D29EE6} = {4FD2B635-11BD-4532-96F6-97ECB41072A1}
		{32911C6E-DFB0-4A6B-8267-3489DAD544C1} = {4FD2B635-11BD-4532-96F6-97ECB41072A1}
	EndGlobalSection
EndGlobal
