
Microsoft Visual Studio Solution File, Format Version 12.00
# Visual Studio 14
VisualStudioVersion = 14.0.25420.1
MinimumVisualStudioVersion = 10.0.40219.1
Project("{F184B08F-C81C-45F6-A57F-5ABD9991F28F}") = "EmberMediaManager", "EmberMediaManager\EmberMediaManager.vbproj", "{9B57D3AB-AF12-4012-B945-284C2448DC81}"
	ProjectSection(ProjectDependencies) = postProject
		{EAAB0601-6478-44D2-A39C-89B0850D7833} = {EAAB0601-6478-44D2-A39C-89B0850D7833}
		{D9878E03-87D7-429E-AA0C-A7116A31FA7F} = {D9878E03-87D7-429E-AA0C-A7116A31FA7F}
		{6F30E40B-6D85-4EE7-9474-5F82E96E1817} = {6F30E40B-6D85-4EE7-9474-5F82E96E1817}
		{3E5F4B11-1425-44CA-8146-309BEB292E97} = {3E5F4B11-1425-44CA-8146-309BEB292E97}
		{39C49E1A-75BA-4AD1-9286-58E83D22BC1E} = {39C49E1A-75BA-4AD1-9286-58E83D22BC1E}
		{2B684C20-7E1A-4DA0-8C26-96DA1407B2C3} = {2B684C20-7E1A-4DA0-8C26-96DA1407B2C3}
		{72A8EF23-3379-4C72-B212-A14A3C286D9C} = {72A8EF23-3379-4C72-B212-A14A3C286D9C}
		{2A08A524-88DA-432F-92E6-8DC63C5376DA} = {2A08A524-88DA-432F-92E6-8DC63C5376DA}
		{E5B54E27-B13B-4C5D-BD3E-941837C4A598} = {E5B54E27-B13B-4C5D-BD3E-941837C4A598}
		{A5277330-A443-46AB-A058-016A3B6AF8AC} = {A5277330-A443-46AB-A058-016A3B6AF8AC}
		{C2B5C245-6D01-47D0-812F-895C6C3C3393} = {C2B5C245-6D01-47D0-812F-895C6C3C3393}
		{8F360D62-6DB6-442F-AB7C-80B8CFD4D89F} = {8F360D62-6DB6-442F-AB7C-80B8CFD4D89F}
		{39D3EE6A-C73C-4C90-9235-E1BFEF112721} = {39D3EE6A-C73C-4C90-9235-E1BFEF112721}
		{0BEBA16B-9A83-4BD5-A476-B366451F0907} = {0BEBA16B-9A83-4BD5-A476-B366451F0907}
		{087BE07B-00AF-4B65-B988-6889C0D31568} = {087BE07B-00AF-4B65-B988-6889C0D31568}
		{F6CACA89-E8E4-45D9-B942-97FBD4ADD106} = {F6CACA89-E8E4-45D9-B942-97FBD4ADD106}
		{6A95088D-E2A3-4CE3-ADFC-0D32DE3F3F76} = {6A95088D-E2A3-4CE3-ADFC-0D32DE3F3F76}
		{D9441890-33EF-48DF-BCB9-BAC4FD749F89} = {D9441890-33EF-48DF-BCB9-BAC4FD749F89}
		{FE178193-F90C-42E8-BF0C-5D64E10AB6F0} = {FE178193-F90C-42E8-BF0C-5D64E10AB6F0}
		{33F99994-12CA-4FAB-B62D-741F7AE35F4B} = {33F99994-12CA-4FAB-B62D-741F7AE35F4B}
		{479B8D9D-8862-4919-88A2-59DF5AB328FE} = {479B8D9D-8862-4919-88A2-59DF5AB328FE}
		{8ECB31A8-60E7-45C9-9D9B-5DDD0C3C6302} = {8ECB31A8-60E7-45C9-9D9B-5DDD0C3C6302}
		{B413DEAF-4FDC-416A-B3E0-968C1C8F3F83} = {B413DEAF-4FDC-416A-B3E0-968C1C8F3F83}
		{386116B7-7870-4F91-9DEC-C79062882E3E} = {386116B7-7870-4F91-9DEC-C79062882E3E}
		{194445BE-3721-4270-984D-FA978D5F34A0} = {194445BE-3721-4270-984D-FA978D5F34A0}
		{953436C0-3624-4594-8E00-D3487EB197A7} = {953436C0-3624-4594-8E00-D3487EB197A7}
		{B0BDF9C2-EB9C-4090-B9A9-B703DF00CCEF} = {B0BDF9C2-EB9C-4090-B9A9-B703DF00CCEF}
		{D3C1A3C4-A060-40DF-ACE4-143F7F102A24} = {D3C1A3C4-A060-40DF-ACE4-143F7F102A24}
		{4BFA47CB-1110-4BB5-9178-3B6EF98BC4EB} = {4BFA47CB-1110-4BB5-9178-3B6EF98BC4EB}
		{34933AD1-8691-44B9-BDB4-4BF022C34552} = {34933AD1-8691-44B9-BDB4-4BF022C34552}
		{5B501BD8-D4BC-4719-B708-D4B91E3530D1} = {5B501BD8-D4BC-4719-B708-D4B91E3530D1}
		{974598ED-C19D-41CA-9771-4DE837D708BC} = {974598ED-C19D-41CA-9771-4DE837D708BC}
		{A9188CF1-BD07-4D24-BC4A-906A43012F37} = {A9188CF1-BD07-4D24-BC4A-906A43012F37}
		{857E14F3-060A-467E-9195-6165996D7BA3} = {857E14F3-060A-467E-9195-6165996D7BA3}
		{5F7F16F4-1BE8-47FF-B48B-2527D4971645} = {5F7F16F4-1BE8-47FF-B48B-2527D4971645}
		{17FE77F6-AD33-4798-A677-926D1453B31E} = {17FE77F6-AD33-4798-A677-926D1453B31E}
		{2113C1FB-C2C9-437C-AAC3-D72507739F14} = {2113C1FB-C2C9-437C-AAC3-D72507739F14}
	EndProjectSection
EndProject
Project("{F184B08F-C81C-45F6-A57F-5ABD9991F28F}") = "EmberAPI", "EmberAPI\EmberAPI.vbproj", "{208AA35E-C6AE-4D2D-A9DD-B6EFD19A4279}"
EndProject
Project("{2150E333-8FDC-42A3-9474-1A3956D46DE8}") = "Addons", "Addons", "{4FD2B635-11BD-4532-96F6-97ECB41072A1}"
EndProject
Project("{F184B08F-C81C-45F6-A57F-5ABD9991F28F}") = "generic.EmberCore.BulkRename", "Addons\generic.EmberCore.BulkRename\generic.EmberCore.BulkRename.vbproj", "{EAAB0601-6478-44D2-A39C-89B0850D7833}"
EndProject
Project("{F184B08F-C81C-45F6-A57F-5ABD9991F28F}") = "generic.EmberCore.Extractor", "Addons\generic.EmberCore.Extractor\generic.EmberCore.Extractor.vbproj", "{B413DEAF-4FDC-416A-B3E0-968C1C8F3F83}"
EndProject
Project("{F184B08F-C81C-45F6-A57F-5ABD9991F28F}") = "generic.EmberCore.MediaFileManager", "Addons\generic.EmberCore.MediaFileManager\generic.EmberCore.MediaFileManager.vbproj", "{F6CACA89-E8E4-45D9-B942-97FBD4ADD106}"
EndProject
Project("{F184B08F-C81C-45F6-A57F-5ABD9991F28F}") = "generic.EmberCore.MovieExporter", "Addons\generic.EmberCore.MovieExport\generic.EmberCore.MovieExporter.vbproj", "{B0BDF9C2-EB9C-4090-B9A9-B703DF00CCEF}"
EndProject
Project("{F184B08F-C81C-45F6-A57F-5ABD9991F28F}") = "generic.EmberCore.Notifications", "Addons\generic.EmberCore.Notifications\generic.EmberCore.Notifications.vbproj", "{2A08A524-88DA-432F-92E6-8DC63C5376DA}"
EndProject
Project("{F184B08F-C81C-45F6-A57F-5ABD9991F28F}") = "scraper.Image.FanartTV", "Addons\scraper.FanartTV.Poster\scraper.Image.FanartTV.vbproj", "{A5277330-A443-46AB-A058-016A3B6AF8AC}"
EndProject
Project("{F184B08F-C81C-45F6-A57F-5ABD9991F28F}") = "scraper.Image.IMPA", "Addons\scraper.IMPA.Poster\scraper.Image.IMPA.vbproj", "{D9878E03-87D7-429E-AA0C-A7116A31FA7F}"
EndProject
Project("{F184B08F-C81C-45F6-A57F-5ABD9991F28F}") = "scraper.Image.MPDB", "Addons\scraper.MPDB.Poster\scraper.Image.MPDB.vbproj", "{72A8EF23-3379-4C72-B212-A14A3C286D9C}"
EndProject
Project("{F184B08F-C81C-45F6-A57F-5ABD9991F28F}") = "scraper.Data.OFDB", "Addons\scraper.OFDB.Data\scraper.Data.OFDB.vbproj", "{39C49E1A-75BA-4AD1-9286-58E83D22BC1E}"
EndProject
Project("{F184B08F-C81C-45F6-A57F-5ABD9991F28F}") = "scraper.Data.TMDB", "Addons\scraper.TMDB.Data\scraper.Data.TMDB.vbproj", "{A9188CF1-BD07-4D24-BC4A-906A43012F37}"
EndProject
Project("{F184B08F-C81C-45F6-A57F-5ABD9991F28F}") = "scraper.Image.TMDB", "Addons\scraper.TMDB.Poster\scraper.Image.TMDB.vbproj", "{2B684C20-7E1A-4DA0-8C26-96DA1407B2C3}"
EndProject
Project("{F184B08F-C81C-45F6-A57F-5ABD9991F28F}") = "scraper.Image.IMDB", "Addons\scraper.IMDB.Poster\scraper.Image.IMDB.vbproj", "{33F99994-12CA-4FAB-B62D-741F7AE35F4B}"
EndProject
Project("{F184B08F-C81C-45F6-A57F-5ABD9991F28F}") = "scraper.Trailer.IMDB", "Addons\scraper.IMDB.Trailer\scraper.Trailer.IMDB.vbproj", "{194445BE-3721-4270-984D-FA978D5F34A0}"
EndProject
Project("{F184B08F-C81C-45F6-A57F-5ABD9991F28F}") = "scraper.Trailer.TMDB", "Addons\scraper.TMDB.Trailer\scraper.Trailer.TMDB.vbproj", "{0BEBA16B-9A83-4BD5-A476-B366451F0907}"
EndProject
Project("{F184B08F-C81C-45F6-A57F-5ABD9991F28F}") = "generic.EmberCore.Trakt", "Addons\generic.EmberCore.Trakt\generic.EmberCore.Trakt.vbproj", "{6F30E40B-6D85-4EE7-9474-5F82E96E1817}"
EndProject
Project("{F184B08F-C81C-45F6-A57F-5ABD9991F28F}") = "generic.EmberCore.MediaSources", "Addons\generic.EmberCore.MediaSources\generic.EmberCore.MediaSources.vbproj", "{386116B7-7870-4F91-9DEC-C79062882E3E}"
EndProject
Project("{F184B08F-C81C-45F6-A57F-5ABD9991F28F}") = "generic.EmberCore.MetadataEditor", "Addons\generic.Embercore.MetadataEditor\generic.EmberCore.MetadataEditor.vbproj", "{17FE77F6-AD33-4798-A677-926D1453B31E}"
EndProject
Project("{F184B08F-C81C-45F6-A57F-5ABD9991F28F}") = "generic.EmberCore.GenresEditor", "Addons\generic.EmberCore.GenresEditor\generic.EmberCore.GenresEditor.vbproj", "{5B501BD8-D4BC-4719-B708-D4B91E3530D1}"
EndProject
Project("{FAE04EC0-301F-11D3-BF4B-00C04F79EFBC}") = "Trakttv", "Trakttv\Trakttv.csproj", "{857E14F3-060A-467E-9195-6165996D7BA3}"
EndProject
Project("{F184B08F-C81C-45F6-A57F-5ABD9991F28F}") = "EmberAPI_Test", "EmberAPI_Test\EmberAPI_Test.vbproj", "{BFDAF0E3-A7AC-40E8-9CC8-8975838B7098}"
EndProject
Project("{F184B08F-C81C-45F6-A57F-5ABD9991F28F}") = "Scraper_Test", "Scraper_Test\Scraper_Test.vbproj", "{125DE2A3-081B-41B2-9528-8BF387EB39C7}"
EndProject
Project("{F184B08F-C81C-45F6-A57F-5ABD9991F28F}") = "UnitTests", "UnitTests\UnitTests.vbproj", "{8160971E-1B33-4D0F-9355-2F8D3E833288}"
EndProject
Project("{F184B08F-C81C-45F6-A57F-5ABD9991F28F}") = "scraper.Data.MoviepilotDE", "Addons\scraper.MoviepilotDE.Data\scraper.Data.MoviepilotDE.vbproj", "{5F7F16F4-1BE8-47FF-B48B-2527D4971645}"
EndProject
Project("{F184B08F-C81C-45F6-A57F-5ABD9991F28F}") = "scraper.Theme.GoEar", "Addons\scraper.goear.Theme\scraper.Theme.GoEar.vbproj", "{4BFA47CB-1110-4BB5-9178-3B6EF98BC4EB}"
EndProject
Project("{F184B08F-C81C-45F6-A57F-5ABD9991F28F}") = "scraper.Theme.TelevisionTunes", "Addons\scraper.TelevisionTunes.Theme\scraper.Theme.TelevisionTunes.vbproj", "{974598ED-C19D-41CA-9771-4DE837D708BC}"
EndProject
Project("{F184B08F-C81C-45F6-A57F-5ABD9991F28F}") = "scraper.Trailer.Apple", "Addons\scraper.Apple.Trailer\scraper.Trailer.Apple.vbproj", "{3E5F4B11-1425-44CA-8146-309BEB292E97}"
EndProject
Project("{F184B08F-C81C-45F6-A57F-5ABD9991F28F}") = "scraper.Data.IMDB", "Addons\scraper.IMDB.Data\scraper.Data.IMDB.vbproj", "{D3C1A3C4-A060-40DF-ACE4-143F7F102A24}"
EndProject
Project("{F184B08F-C81C-45F6-A57F-5ABD9991F28F}") = "scraper.Trailer.HDTrailersNET", "Addons\scraper.HDTrailersNet.Trailer\scraper.Trailer.HDTrailersNET.vbproj", "{8F360D62-6DB6-442F-AB7C-80B8CFD4D89F}"
EndProject
Project("{F184B08F-C81C-45F6-A57F-5ABD9991F28F}") = "scraper.Trailer.Davestrailerpage", "Addons\scraper.Davestrailerpage.Trailer\scraper.Trailer.Davestrailerpage.vbproj", "{2113C1FB-C2C9-437C-AAC3-D72507739F14}"
EndProject
Project("{F184B08F-C81C-45F6-A57F-5ABD9991F28F}") = "generic.EmberCore.TagManager", "Addons\generic.EmberCore.TagManager\generic.EmberCore.TagManager.vbproj", "{E5B54E27-B13B-4C5D-BD3E-941837C4A598}"
EndProject
Project("{F184B08F-C81C-45F6-A57F-5ABD9991F28F}") = "generic.EmberCore.MediaListEditor", "Addons\generic.EmberCore.FilterEditor\generic.EmberCore.MediaListEditor.vbproj", "{34933AD1-8691-44B9-BDB4-4BF022C34552}"
EndProject
Project("{F184B08F-C81C-45F6-A57F-5ABD9991F28F}") = "scraper.Image.TVDB", "Addons\scraper.Image.TVDB\scraper.Image.TVDB.vbproj", "{D9441890-33EF-48DF-BCB9-BAC4FD749F89}"
EndProject
Project("{F184B08F-C81C-45F6-A57F-5ABD9991F28F}") = "generic.EmberCore.ContextMenu", "Addons\generic.EmberCore.ContextMenu\generic.EmberCore.ContextMenu.vbproj", "{479B8D9D-8862-4919-88A2-59DF5AB328FE}"
EndProject
Project("{F184B08F-C81C-45F6-A57F-5ABD9991F28F}") = "generic.Interface.Kodi", "Addons\generic.Interface.Kodi\generic.Interface.Kodi.vbproj", "{6A95088D-E2A3-4CE3-ADFC-0D32DE3F3F76}"
EndProject
Project("{FAE04EC0-301F-11D3-BF4B-00C04F79EFBC}") = "KodiAPI", "KodiAPI\KodiAPI.csproj", "{FE178193-F90C-42E8-BF0C-5D64E10AB6F0}"
EndProject
Project("{F184B08F-C81C-45F6-A57F-5ABD9991F28F}") = "scraper.Data.TVDB", "Addons\scraper.Data.TVDB\scraper.Data.TVDB.vbproj", "{087BE07B-00AF-4B65-B988-6889C0D31568}"
EndProject
Project("{F184B08F-C81C-45F6-A57F-5ABD9991F28F}") = "scraper.Trailer.YouTube", "Addons\scraper.Trailer.YouTube\scraper.Trailer.YouTube.vbproj", "{C2B5C245-6D01-47D0-812F-895C6C3C3393}"
EndProject
Project("{F184B08F-C81C-45F6-A57F-5ABD9991F28F}") = "scraper.Trailer.VideobusterDE", "Addons\scraper.Trailer.VideobusterDE\scraper.Trailer.VideobusterDE.vbproj", "{8ECB31A8-60E7-45C9-9D9B-5DDD0C3C6302}"
EndProject
Project("{F184B08F-C81C-45F6-A57F-5ABD9991F28F}") = "scraper.Data.Trakttv", "Addons\scraper.Trakttv.Data\scraper.Data.Trakttv.vbproj", "{953436C0-3624-4594-8E00-D3487EB197A7}"
EndProject
Project("{F184B08F-C81C-45F6-A57F-5ABD9991F28F}") = "scraper.Theme.ThemeLibrary", "Addons\scraper.Theme.ThemeLibrary\scraper.Theme.ThemeLibrary.vbproj", "{39D3EE6A-C73C-4C90-9235-E1BFEF112721}"
EndProject
Global
	GlobalSection(SolutionConfigurationPlatforms) = preSolution
		Debug|x64 = Debug|x64
		Debug|x86 = Debug|x86
		Release|x64 = Release|x64
		Release|x86 = Release|x86
	EndGlobalSection
	GlobalSection(ProjectConfigurationPlatforms) = postSolution
		{9B57D3AB-AF12-4012-B945-284C2448DC81}.Debug|x64.ActiveCfg = Debug|x64
		{9B57D3AB-AF12-4012-B945-284C2448DC81}.Debug|x64.Build.0 = Debug|x64
		{9B57D3AB-AF12-4012-B945-284C2448DC81}.Debug|x86.ActiveCfg = Debug|x86
		{9B57D3AB-AF12-4012-B945-284C2448DC81}.Debug|x86.Build.0 = Debug|x86
		{9B57D3AB-AF12-4012-B945-284C2448DC81}.Release|x64.ActiveCfg = Release|x64
		{9B57D3AB-AF12-4012-B945-284C2448DC81}.Release|x64.Build.0 = Release|x64
		{9B57D3AB-AF12-4012-B945-284C2448DC81}.Release|x86.ActiveCfg = Release|x86
		{9B57D3AB-AF12-4012-B945-284C2448DC81}.Release|x86.Build.0 = Release|x86
		{208AA35E-C6AE-4D2D-A9DD-B6EFD19A4279}.Debug|x64.ActiveCfg = Debug|x64
		{208AA35E-C6AE-4D2D-A9DD-B6EFD19A4279}.Debug|x64.Build.0 = Debug|x64
		{208AA35E-C6AE-4D2D-A9DD-B6EFD19A4279}.Debug|x86.ActiveCfg = Debug|x86
		{208AA35E-C6AE-4D2D-A9DD-B6EFD19A4279}.Debug|x86.Build.0 = Debug|x86
		{208AA35E-C6AE-4D2D-A9DD-B6EFD19A4279}.Release|x64.ActiveCfg = Release|x64
		{208AA35E-C6AE-4D2D-A9DD-B6EFD19A4279}.Release|x64.Build.0 = Release|x64
		{208AA35E-C6AE-4D2D-A9DD-B6EFD19A4279}.Release|x86.ActiveCfg = Release|x86
		{208AA35E-C6AE-4D2D-A9DD-B6EFD19A4279}.Release|x86.Build.0 = Release|x86
		{EAAB0601-6478-44D2-A39C-89B0850D7833}.Debug|x64.ActiveCfg = Debug|x64
		{EAAB0601-6478-44D2-A39C-89B0850D7833}.Debug|x64.Build.0 = Debug|x64
		{EAAB0601-6478-44D2-A39C-89B0850D7833}.Debug|x86.ActiveCfg = Debug|x86
		{EAAB0601-6478-44D2-A39C-89B0850D7833}.Debug|x86.Build.0 = Debug|x86
		{EAAB0601-6478-44D2-A39C-89B0850D7833}.Release|x64.ActiveCfg = Release|x64
		{EAAB0601-6478-44D2-A39C-89B0850D7833}.Release|x64.Build.0 = Release|x64
		{EAAB0601-6478-44D2-A39C-89B0850D7833}.Release|x86.ActiveCfg = Release|x86
		{EAAB0601-6478-44D2-A39C-89B0850D7833}.Release|x86.Build.0 = Release|x86
		{B413DEAF-4FDC-416A-B3E0-968C1C8F3F83}.Debug|x64.ActiveCfg = Debug|x64
		{B413DEAF-4FDC-416A-B3E0-968C1C8F3F83}.Debug|x64.Build.0 = Debug|x64
		{B413DEAF-4FDC-416A-B3E0-968C1C8F3F83}.Debug|x86.ActiveCfg = Debug|x86
		{B413DEAF-4FDC-416A-B3E0-968C1C8F3F83}.Debug|x86.Build.0 = Debug|x86
		{B413DEAF-4FDC-416A-B3E0-968C1C8F3F83}.Release|x64.ActiveCfg = Release|x64
		{B413DEAF-4FDC-416A-B3E0-968C1C8F3F83}.Release|x64.Build.0 = Release|x64
		{B413DEAF-4FDC-416A-B3E0-968C1C8F3F83}.Release|x86.ActiveCfg = Release|x86
		{B413DEAF-4FDC-416A-B3E0-968C1C8F3F83}.Release|x86.Build.0 = Release|x86
		{F6CACA89-E8E4-45D9-B942-97FBD4ADD106}.Debug|x64.ActiveCfg = Debug|x64
		{F6CACA89-E8E4-45D9-B942-97FBD4ADD106}.Debug|x64.Build.0 = Debug|x64
		{F6CACA89-E8E4-45D9-B942-97FBD4ADD106}.Debug|x86.ActiveCfg = Debug|x86
		{F6CACA89-E8E4-45D9-B942-97FBD4ADD106}.Debug|x86.Build.0 = Debug|x86
		{F6CACA89-E8E4-45D9-B942-97FBD4ADD106}.Release|x64.ActiveCfg = Release|x64
		{F6CACA89-E8E4-45D9-B942-97FBD4ADD106}.Release|x64.Build.0 = Release|x64
		{F6CACA89-E8E4-45D9-B942-97FBD4ADD106}.Release|x86.ActiveCfg = Release|x86
		{F6CACA89-E8E4-45D9-B942-97FBD4ADD106}.Release|x86.Build.0 = Release|x86
		{B0BDF9C2-EB9C-4090-B9A9-B703DF00CCEF}.Debug|x64.ActiveCfg = Debug|x64
		{B0BDF9C2-EB9C-4090-B9A9-B703DF00CCEF}.Debug|x64.Build.0 = Debug|x64
		{B0BDF9C2-EB9C-4090-B9A9-B703DF00CCEF}.Debug|x86.ActiveCfg = Debug|x86
		{B0BDF9C2-EB9C-4090-B9A9-B703DF00CCEF}.Debug|x86.Build.0 = Debug|x86
		{B0BDF9C2-EB9C-4090-B9A9-B703DF00CCEF}.Release|x64.ActiveCfg = Release|x64
		{B0BDF9C2-EB9C-4090-B9A9-B703DF00CCEF}.Release|x64.Build.0 = Release|x64
		{B0BDF9C2-EB9C-4090-B9A9-B703DF00CCEF}.Release|x86.ActiveCfg = Release|x86
		{B0BDF9C2-EB9C-4090-B9A9-B703DF00CCEF}.Release|x86.Build.0 = Release|x86
		{2A08A524-88DA-432F-92E6-8DC63C5376DA}.Debug|x64.ActiveCfg = Debug|x64
		{2A08A524-88DA-432F-92E6-8DC63C5376DA}.Debug|x64.Build.0 = Debug|x64
		{2A08A524-88DA-432F-92E6-8DC63C5376DA}.Debug|x86.ActiveCfg = Debug|x86
		{2A08A524-88DA-432F-92E6-8DC63C5376DA}.Debug|x86.Build.0 = Debug|x86
		{2A08A524-88DA-432F-92E6-8DC63C5376DA}.Release|x64.ActiveCfg = Release|x64
		{2A08A524-88DA-432F-92E6-8DC63C5376DA}.Release|x64.Build.0 = Release|x64
		{2A08A524-88DA-432F-92E6-8DC63C5376DA}.Release|x86.ActiveCfg = Release|x86
		{2A08A524-88DA-432F-92E6-8DC63C5376DA}.Release|x86.Build.0 = Release|x86
		{A5277330-A443-46AB-A058-016A3B6AF8AC}.Debug|x64.ActiveCfg = Debug|x64
		{A5277330-A443-46AB-A058-016A3B6AF8AC}.Debug|x64.Build.0 = Debug|x64
		{A5277330-A443-46AB-A058-016A3B6AF8AC}.Debug|x86.ActiveCfg = Debug|x86
		{A5277330-A443-46AB-A058-016A3B6AF8AC}.Debug|x86.Build.0 = Debug|x86
		{A5277330-A443-46AB-A058-016A3B6AF8AC}.Release|x64.ActiveCfg = Release|x64
		{A5277330-A443-46AB-A058-016A3B6AF8AC}.Release|x64.Build.0 = Release|x64
		{A5277330-A443-46AB-A058-016A3B6AF8AC}.Release|x86.ActiveCfg = Release|x86
		{A5277330-A443-46AB-A058-016A3B6AF8AC}.Release|x86.Build.0 = Release|x86
		{D9878E03-87D7-429E-AA0C-A7116A31FA7F}.Debug|x64.ActiveCfg = Debug|x64
		{D9878E03-87D7-429E-AA0C-A7116A31FA7F}.Debug|x86.ActiveCfg = Debug|x86
		{D9878E03-87D7-429E-AA0C-A7116A31FA7F}.Release|x64.ActiveCfg = Release|x64
		{D9878E03-87D7-429E-AA0C-A7116A31FA7F}.Release|x86.ActiveCfg = Release|x86
		{72A8EF23-3379-4C72-B212-A14A3C286D9C}.Debug|x64.ActiveCfg = Debug|x64
		{72A8EF23-3379-4C72-B212-A14A3C286D9C}.Debug|x86.ActiveCfg = Debug|x86
		{72A8EF23-3379-4C72-B212-A14A3C286D9C}.Release|x64.ActiveCfg = Release|x64
		{72A8EF23-3379-4C72-B212-A14A3C286D9C}.Release|x86.ActiveCfg = Release|x86
		{39C49E1A-75BA-4AD1-9286-58E83D22BC1E}.Debug|x64.ActiveCfg = Debug|x64
		{39C49E1A-75BA-4AD1-9286-58E83D22BC1E}.Debug|x64.Build.0 = Debug|x64
		{39C49E1A-75BA-4AD1-9286-58E83D22BC1E}.Debug|x86.ActiveCfg = Debug|x86
		{39C49E1A-75BA-4AD1-9286-58E83D22BC1E}.Debug|x86.Build.0 = Debug|x86
		{39C49E1A-75BA-4AD1-9286-58E83D22BC1E}.Release|x64.ActiveCfg = Release|x64
		{39C49E1A-75BA-4AD1-9286-58E83D22BC1E}.Release|x64.Build.0 = Release|x64
		{39C49E1A-75BA-4AD1-9286-58E83D22BC1E}.Release|x86.ActiveCfg = Release|x86
		{39C49E1A-75BA-4AD1-9286-58E83D22BC1E}.Release|x86.Build.0 = Release|x86
		{A9188CF1-BD07-4D24-BC4A-906A43012F37}.Debug|x64.ActiveCfg = Debug|x64
		{A9188CF1-BD07-4D24-BC4A-906A43012F37}.Debug|x64.Build.0 = Debug|x64
		{A9188CF1-BD07-4D24-BC4A-906A43012F37}.Debug|x86.ActiveCfg = Debug|x86
		{A9188CF1-BD07-4D24-BC4A-906A43012F37}.Debug|x86.Build.0 = Debug|x86
		{A9188CF1-BD07-4D24-BC4A-906A43012F37}.Release|x64.ActiveCfg = Release|x64
		{A9188CF1-BD07-4D24-BC4A-906A43012F37}.Release|x64.Build.0 = Release|x64
		{A9188CF1-BD07-4D24-BC4A-906A43012F37}.Release|x86.ActiveCfg = Release|x86
		{A9188CF1-BD07-4D24-BC4A-906A43012F37}.Release|x86.Build.0 = Release|x86
		{2B684C20-7E1A-4DA0-8C26-96DA1407B2C3}.Debug|x64.ActiveCfg = Debug|x64
		{2B684C20-7E1A-4DA0-8C26-96DA1407B2C3}.Debug|x64.Build.0 = Debug|x64
		{2B684C20-7E1A-4DA0-8C26-96DA1407B2C3}.Debug|x86.ActiveCfg = Debug|x86
		{2B684C20-7E1A-4DA0-8C26-96DA1407B2C3}.Debug|x86.Build.0 = Debug|x86
		{2B684C20-7E1A-4DA0-8C26-96DA1407B2C3}.Release|x64.ActiveCfg = Release|x64
		{2B684C20-7E1A-4DA0-8C26-96DA1407B2C3}.Release|x64.Build.0 = Release|x64
		{2B684C20-7E1A-4DA0-8C26-96DA1407B2C3}.Release|x86.ActiveCfg = Release|x86
		{2B684C20-7E1A-4DA0-8C26-96DA1407B2C3}.Release|x86.Build.0 = Release|x86
		{33F99994-12CA-4FAB-B62D-741F7AE35F4B}.Debug|x64.ActiveCfg = Debug|x64
		{33F99994-12CA-4FAB-B62D-741F7AE35F4B}.Debug|x86.ActiveCfg = Debug|x86
		{33F99994-12CA-4FAB-B62D-741F7AE35F4B}.Release|x64.ActiveCfg = Release|x64
		{33F99994-12CA-4FAB-B62D-741F7AE35F4B}.Release|x86.ActiveCfg = Release|x86
		{194445BE-3721-4270-984D-FA978D5F34A0}.Debug|x64.ActiveCfg = Debug|x64
		{194445BE-3721-4270-984D-FA978D5F34A0}.Debug|x64.Build.0 = Debug|x64
		{194445BE-3721-4270-984D-FA978D5F34A0}.Debug|x86.ActiveCfg = Debug|x86
		{194445BE-3721-4270-984D-FA978D5F34A0}.Debug|x86.Build.0 = Debug|x86
		{194445BE-3721-4270-984D-FA978D5F34A0}.Release|x64.ActiveCfg = Release|x64
		{194445BE-3721-4270-984D-FA978D5F34A0}.Release|x64.Build.0 = Release|x64
		{194445BE-3721-4270-984D-FA978D5F34A0}.Release|x86.ActiveCfg = Release|x86
		{194445BE-3721-4270-984D-FA978D5F34A0}.Release|x86.Build.0 = Release|x86
		{0BEBA16B-9A83-4BD5-A476-B366451F0907}.Debug|x64.ActiveCfg = Debug|x64
		{0BEBA16B-9A83-4BD5-A476-B366451F0907}.Debug|x64.Build.0 = Debug|x64
		{0BEBA16B-9A83-4BD5-A476-B366451F0907}.Debug|x86.ActiveCfg = Debug|x86
		{0BEBA16B-9A83-4BD5-A476-B366451F0907}.Debug|x86.Build.0 = Debug|x86
		{0BEBA16B-9A83-4BD5-A476-B366451F0907}.Release|x64.ActiveCfg = Release|x64
		{0BEBA16B-9A83-4BD5-A476-B366451F0907}.Release|x64.Build.0 = Release|x64
		{0BEBA16B-9A83-4BD5-A476-B366451F0907}.Release|x86.ActiveCfg = Release|x86
		{0BEBA16B-9A83-4BD5-A476-B366451F0907}.Release|x86.Build.0 = Release|x86
		{6F30E40B-6D85-4EE7-9474-5F82E96E1817}.Debug|x64.ActiveCfg = Debug|x64
		{6F30E40B-6D85-4EE7-9474-5F82E96E1817}.Debug|x64.Build.0 = Debug|x64
		{6F30E40B-6D85-4EE7-9474-5F82E96E1817}.Debug|x86.ActiveCfg = Debug|x86
		{6F30E40B-6D85-4EE7-9474-5F82E96E1817}.Debug|x86.Build.0 = Debug|x86
		{6F30E40B-6D85-4EE7-9474-5F82E96E1817}.Release|x64.ActiveCfg = Release|x64
		{6F30E40B-6D85-4EE7-9474-5F82E96E1817}.Release|x64.Build.0 = Release|x64
		{6F30E40B-6D85-4EE7-9474-5F82E96E1817}.Release|x86.ActiveCfg = Release|x86
		{6F30E40B-6D85-4EE7-9474-5F82E96E1817}.Release|x86.Build.0 = Release|x86
		{386116B7-7870-4F91-9DEC-C79062882E3E}.Debug|x64.ActiveCfg = Debug|x64
		{386116B7-7870-4F91-9DEC-C79062882E3E}.Debug|x64.Build.0 = Debug|x64
		{386116B7-7870-4F91-9DEC-C79062882E3E}.Debug|x86.ActiveCfg = Debug|x86
		{386116B7-7870-4F91-9DEC-C79062882E3E}.Debug|x86.Build.0 = Debug|x86
		{386116B7-7870-4F91-9DEC-C79062882E3E}.Release|x64.ActiveCfg = Release|x64
		{386116B7-7870-4F91-9DEC-C79062882E3E}.Release|x64.Build.0 = Release|x64
		{386116B7-7870-4F91-9DEC-C79062882E3E}.Release|x86.ActiveCfg = Release|x86
		{386116B7-7870-4F91-9DEC-C79062882E3E}.Release|x86.Build.0 = Release|x86
		{17FE77F6-AD33-4798-A677-926D1453B31E}.Debug|x64.ActiveCfg = Debug|x64
		{17FE77F6-AD33-4798-A677-926D1453B31E}.Debug|x64.Build.0 = Debug|x64
		{17FE77F6-AD33-4798-A677-926D1453B31E}.Debug|x86.ActiveCfg = Debug|x86
		{17FE77F6-AD33-4798-A677-926D1453B31E}.Debug|x86.Build.0 = Debug|x86
		{17FE77F6-AD33-4798-A677-926D1453B31E}.Release|x64.ActiveCfg = Release|x64
		{17FE77F6-AD33-4798-A677-926D1453B31E}.Release|x64.Build.0 = Release|x64
		{17FE77F6-AD33-4798-A677-926D1453B31E}.Release|x86.ActiveCfg = Release|x86
		{17FE77F6-AD33-4798-A677-926D1453B31E}.Release|x86.Build.0 = Release|x86
		{5B501BD8-D4BC-4719-B708-D4B91E3530D1}.Debug|x64.ActiveCfg = Debug|x64
		{5B501BD8-D4BC-4719-B708-D4B91E3530D1}.Debug|x64.Build.0 = Debug|x64
		{5B501BD8-D4BC-4719-B708-D4B91E3530D1}.Debug|x86.ActiveCfg = Debug|x86
		{5B501BD8-D4BC-4719-B708-D4B91E3530D1}.Debug|x86.Build.0 = Debug|x86
		{5B501BD8-D4BC-4719-B708-D4B91E3530D1}.Release|x64.ActiveCfg = Release|x64
		{5B501BD8-D4BC-4719-B708-D4B91E3530D1}.Release|x64.Build.0 = Release|x64
		{5B501BD8-D4BC-4719-B708-D4B91E3530D1}.Release|x86.ActiveCfg = Release|x86
		{5B501BD8-D4BC-4719-B708-D4B91E3530D1}.Release|x86.Build.0 = Release|x86
		{857E14F3-060A-467E-9195-6165996D7BA3}.Debug|x64.ActiveCfg = Debug|x64
		{857E14F3-060A-467E-9195-6165996D7BA3}.Debug|x64.Build.0 = Debug|x64
		{857E14F3-060A-467E-9195-6165996D7BA3}.Debug|x86.ActiveCfg = Debug|x86
		{857E14F3-060A-467E-9195-6165996D7BA3}.Debug|x86.Build.0 = Debug|x86
		{857E14F3-060A-467E-9195-6165996D7BA3}.Release|x64.ActiveCfg = Release|x64
		{857E14F3-060A-467E-9195-6165996D7BA3}.Release|x64.Build.0 = Release|x64
		{857E14F3-060A-467E-9195-6165996D7BA3}.Release|x86.ActiveCfg = Release|x86
		{857E14F3-060A-467E-9195-6165996D7BA3}.Release|x86.Build.0 = Release|x86
		{BFDAF0E3-A7AC-40E8-9CC8-8975838B7098}.Debug|x64.ActiveCfg = Debug|x86
		{BFDAF0E3-A7AC-40E8-9CC8-8975838B7098}.Debug|x86.ActiveCfg = Debug|x86
		{BFDAF0E3-A7AC-40E8-9CC8-8975838B7098}.Debug|x86.Build.0 = Debug|x86
		{BFDAF0E3-A7AC-40E8-9CC8-8975838B7098}.Release|x64.ActiveCfg = Release|x86
		{BFDAF0E3-A7AC-40E8-9CC8-8975838B7098}.Release|x86.ActiveCfg = Release|x86
		{125DE2A3-081B-41B2-9528-8BF387EB39C7}.Debug|x64.ActiveCfg = Debug|x86
		{125DE2A3-081B-41B2-9528-8BF387EB39C7}.Debug|x86.ActiveCfg = Debug|x86
		{125DE2A3-081B-41B2-9528-8BF387EB39C7}.Debug|x86.Build.0 = Debug|x86
		{125DE2A3-081B-41B2-9528-8BF387EB39C7}.Release|x64.ActiveCfg = Release|x86
		{125DE2A3-081B-41B2-9528-8BF387EB39C7}.Release|x86.ActiveCfg = Release|x86
		{8160971E-1B33-4D0F-9355-2F8D3E833288}.Debug|x64.ActiveCfg = Debug|x86
		{8160971E-1B33-4D0F-9355-2F8D3E833288}.Debug|x86.ActiveCfg = Debug|x86
		{8160971E-1B33-4D0F-9355-2F8D3E833288}.Debug|x86.Build.0 = Debug|x86
		{8160971E-1B33-4D0F-9355-2F8D3E833288}.Release|x64.ActiveCfg = Release|x86
		{8160971E-1B33-4D0F-9355-2F8D3E833288}.Release|x86.ActiveCfg = Release|x86
		{5F7F16F4-1BE8-47FF-B48B-2527D4971645}.Debug|x64.ActiveCfg = Debug|x64
		{5F7F16F4-1BE8-47FF-B48B-2527D4971645}.Debug|x64.Build.0 = Debug|x64
		{5F7F16F4-1BE8-47FF-B48B-2527D4971645}.Debug|x86.ActiveCfg = Debug|x86
		{5F7F16F4-1BE8-47FF-B48B-2527D4971645}.Debug|x86.Build.0 = Debug|x86
		{5F7F16F4-1BE8-47FF-B48B-2527D4971645}.Release|x64.ActiveCfg = Release|x64
		{5F7F16F4-1BE8-47FF-B48B-2527D4971645}.Release|x64.Build.0 = Release|x64
		{5F7F16F4-1BE8-47FF-B48B-2527D4971645}.Release|x86.ActiveCfg = Release|x86
		{5F7F16F4-1BE8-47FF-B48B-2527D4971645}.Release|x86.Build.0 = Release|x86
		{4BFA47CB-1110-4BB5-9178-3B6EF98BC4EB}.Debug|x64.ActiveCfg = Debug|x64
		{4BFA47CB-1110-4BB5-9178-3B6EF98BC4EB}.Debug|x86.ActiveCfg = Debug|x86
		{4BFA47CB-1110-4BB5-9178-3B6EF98BC4EB}.Release|x64.ActiveCfg = Release|x64
		{4BFA47CB-1110-4BB5-9178-3B6EF98BC4EB}.Release|x86.ActiveCfg = Release|x86
		{974598ED-C19D-41CA-9771-4DE837D708BC}.Debug|x64.ActiveCfg = Debug|x64
		{974598ED-C19D-41CA-9771-4DE837D708BC}.Debug|x64.Build.0 = Debug|x64
		{974598ED-C19D-41CA-9771-4DE837D708BC}.Debug|x86.ActiveCfg = Debug|x86
		{974598ED-C19D-41CA-9771-4DE837D708BC}.Debug|x86.Build.0 = Debug|x86
		{974598ED-C19D-41CA-9771-4DE837D708BC}.Release|x64.ActiveCfg = Release|x64
		{974598ED-C19D-41CA-9771-4DE837D708BC}.Release|x64.Build.0 = Release|x64
		{974598ED-C19D-41CA-9771-4DE837D708BC}.Release|x86.ActiveCfg = Release|x86
		{974598ED-C19D-41CA-9771-4DE837D708BC}.Release|x86.Build.0 = Release|x86
		{3E5F4B11-1425-44CA-8146-309BEB292E97}.Debug|x64.ActiveCfg = Debug|x64
		{3E5F4B11-1425-44CA-8146-309BEB292E97}.Debug|x64.Build.0 = Debug|x64
		{3E5F4B11-1425-44CA-8146-309BEB292E97}.Debug|x86.ActiveCfg = Debug|x86
		{3E5F4B11-1425-44CA-8146-309BEB292E97}.Debug|x86.Build.0 = Debug|x86
		{3E5F4B11-1425-44CA-8146-309BEB292E97}.Release|x64.ActiveCfg = Release|x64
		{3E5F4B11-1425-44CA-8146-309BEB292E97}.Release|x64.Build.0 = Release|x64
		{3E5F4B11-1425-44CA-8146-309BEB292E97}.Release|x86.ActiveCfg = Release|x86
		{3E5F4B11-1425-44CA-8146-309BEB292E97}.Release|x86.Build.0 = Release|x86
		{D3C1A3C4-A060-40DF-ACE4-143F7F102A24}.Debug|x64.ActiveCfg = Debug|x64
		{D3C1A3C4-A060-40DF-ACE4-143F7F102A24}.Debug|x64.Build.0 = Debug|x64
		{D3C1A3C4-A060-40DF-ACE4-143F7F102A24}.Debug|x86.ActiveCfg = Debug|x86
		{D3C1A3C4-A060-40DF-ACE4-143F7F102A24}.Debug|x86.Build.0 = Debug|x86
		{D3C1A3C4-A060-40DF-ACE4-143F7F102A24}.Release|x64.ActiveCfg = Release|x64
		{D3C1A3C4-A060-40DF-ACE4-143F7F102A24}.Release|x64.Build.0 = Release|x64
		{D3C1A3C4-A060-40DF-ACE4-143F7F102A24}.Release|x86.ActiveCfg = Release|x86
		{D3C1A3C4-A060-40DF-ACE4-143F7F102A24}.Release|x86.Build.0 = Release|x86
		{8F360D62-6DB6-442F-AB7C-80B8CFD4D89F}.Debug|x64.ActiveCfg = Debug|x64
		{8F360D62-6DB6-442F-AB7C-80B8CFD4D89F}.Debug|x64.Build.0 = Debug|x64
		{8F360D62-6DB6-442F-AB7C-80B8CFD4D89F}.Debug|x86.ActiveCfg = Debug|x86
		{8F360D62-6DB6-442F-AB7C-80B8CFD4D89F}.Debug|x86.Build.0 = Debug|x86
		{8F360D62-6DB6-442F-AB7C-80B8CFD4D89F}.Release|x64.ActiveCfg = Release|x64
		{8F360D62-6DB6-442F-AB7C-80B8CFD4D89F}.Release|x64.Build.0 = Release|x64
		{8F360D62-6DB6-442F-AB7C-80B8CFD4D89F}.Release|x86.ActiveCfg = Release|x86
		{8F360D62-6DB6-442F-AB7C-80B8CFD4D89F}.Release|x86.Build.0 = Release|x86
		{2113C1FB-C2C9-437C-AAC3-D72507739F14}.Debug|x64.ActiveCfg = Debug|x64
		{2113C1FB-C2C9-437C-AAC3-D72507739F14}.Debug|x64.Build.0 = Debug|x64
		{2113C1FB-C2C9-437C-AAC3-D72507739F14}.Debug|x86.ActiveCfg = Debug|x86
		{2113C1FB-C2C9-437C-AAC3-D72507739F14}.Debug|x86.Build.0 = Debug|x86
		{2113C1FB-C2C9-437C-AAC3-D72507739F14}.Release|x64.ActiveCfg = Release|x64
		{2113C1FB-C2C9-437C-AAC3-D72507739F14}.Release|x64.Build.0 = Release|x64
		{2113C1FB-C2C9-437C-AAC3-D72507739F14}.Release|x86.ActiveCfg = Release|x86
		{2113C1FB-C2C9-437C-AAC3-D72507739F14}.Release|x86.Build.0 = Release|x86
		{E5B54E27-B13B-4C5D-BD3E-941837C4A598}.Debug|x64.ActiveCfg = Debug|x64
		{E5B54E27-B13B-4C5D-BD3E-941837C4A598}.Debug|x64.Build.0 = Debug|x64
		{E5B54E27-B13B-4C5D-BD3E-941837C4A598}.Debug|x86.ActiveCfg = Debug|x86
		{E5B54E27-B13B-4C5D-BD3E-941837C4A598}.Debug|x86.Build.0 = Debug|x86
		{E5B54E27-B13B-4C5D-BD3E-941837C4A598}.Release|x64.ActiveCfg = Release|x64
		{E5B54E27-B13B-4C5D-BD3E-941837C4A598}.Release|x64.Build.0 = Release|x64
		{E5B54E27-B13B-4C5D-BD3E-941837C4A598}.Release|x86.ActiveCfg = Release|x86
		{E5B54E27-B13B-4C5D-BD3E-941837C4A598}.Release|x86.Build.0 = Release|x86
		{34933AD1-8691-44B9-BDB4-4BF022C34552}.Debug|x64.ActiveCfg = Debug|x64
		{34933AD1-8691-44B9-BDB4-4BF022C34552}.Debug|x64.Build.0 = Debug|x64
		{34933AD1-8691-44B9-BDB4-4BF022C34552}.Debug|x86.ActiveCfg = Debug|x86
		{34933AD1-8691-44B9-BDB4-4BF022C34552}.Debug|x86.Build.0 = Debug|x86
		{34933AD1-8691-44B9-BDB4-4BF022C34552}.Release|x64.ActiveCfg = Release|x64
		{34933AD1-8691-44B9-BDB4-4BF022C34552}.Release|x64.Build.0 = Release|x64
		{34933AD1-8691-44B9-BDB4-4BF022C34552}.Release|x86.ActiveCfg = Release|x86
		{34933AD1-8691-44B9-BDB4-4BF022C34552}.Release|x86.Build.0 = Release|x86
		{D9441890-33EF-48DF-BCB9-BAC4FD749F89}.Debug|x64.ActiveCfg = Debug|x64
		{D9441890-33EF-48DF-BCB9-BAC4FD749F89}.Debug|x64.Build.0 = Debug|x64
		{D9441890-33EF-48DF-BCB9-BAC4FD749F89}.Debug|x86.ActiveCfg = Debug|x86
		{D9441890-33EF-48DF-BCB9-BAC4FD749F89}.Debug|x86.Build.0 = Debug|x86
		{D9441890-33EF-48DF-BCB9-BAC4FD749F89}.Release|x64.ActiveCfg = Release|x64
		{D9441890-33EF-48DF-BCB9-BAC4FD749F89}.Release|x64.Build.0 = Release|x64
		{D9441890-33EF-48DF-BCB9-BAC4FD749F89}.Release|x86.ActiveCfg = Release|x86
		{D9441890-33EF-48DF-BCB9-BAC4FD749F89}.Release|x86.Build.0 = Release|x86
		{479B8D9D-8862-4919-88A2-59DF5AB328FE}.Debug|x64.ActiveCfg = Debug|x64
		{479B8D9D-8862-4919-88A2-59DF5AB328FE}.Debug|x64.Build.0 = Debug|x64
		{479B8D9D-8862-4919-88A2-59DF5AB328FE}.Debug|x86.ActiveCfg = Debug|x86
		{479B8D9D-8862-4919-88A2-59DF5AB328FE}.Debug|x86.Build.0 = Debug|x86
		{479B8D9D-8862-4919-88A2-59DF5AB328FE}.Release|x64.ActiveCfg = Release|x64
		{479B8D9D-8862-4919-88A2-59DF5AB328FE}.Release|x64.Build.0 = Release|x64
		{479B8D9D-8862-4919-88A2-59DF5AB328FE}.Release|x86.ActiveCfg = Release|x86
		{479B8D9D-8862-4919-88A2-59DF5AB328FE}.Release|x86.Build.0 = Release|x86
		{6A95088D-E2A3-4CE3-ADFC-0D32DE3F3F76}.Debug|x64.ActiveCfg = Debug|x64
		{6A95088D-E2A3-4CE3-ADFC-0D32DE3F3F76}.Debug|x64.Build.0 = Debug|x64
		{6A95088D-E2A3-4CE3-ADFC-0D32DE3F3F76}.Debug|x86.ActiveCfg = Debug|x86
		{6A95088D-E2A3-4CE3-ADFC-0D32DE3F3F76}.Debug|x86.Build.0 = Debug|x86
		{6A95088D-E2A3-4CE3-ADFC-0D32DE3F3F76}.Release|x64.ActiveCfg = Release|x64
		{6A95088D-E2A3-4CE3-ADFC-0D32DE3F3F76}.Release|x64.Build.0 = Release|x64
		{6A95088D-E2A3-4CE3-ADFC-0D32DE3F3F76}.Release|x86.ActiveCfg = Release|x86
		{6A95088D-E2A3-4CE3-ADFC-0D32DE3F3F76}.Release|x86.Build.0 = Release|x86
		{FE178193-F90C-42E8-BF0C-5D64E10AB6F0}.Debug|x64.ActiveCfg = Debug|x64
		{FE178193-F90C-42E8-BF0C-5D64E10AB6F0}.Debug|x64.Build.0 = Debug|x64
		{FE178193-F90C-42E8-BF0C-5D64E10AB6F0}.Debug|x86.ActiveCfg = Debug|x86
		{FE178193-F90C-42E8-BF0C-5D64E10AB6F0}.Debug|x86.Build.0 = Debug|x86
		{FE178193-F90C-42E8-BF0C-5D64E10AB6F0}.Release|x64.ActiveCfg = Release|x64
		{FE178193-F90C-42E8-BF0C-5D64E10AB6F0}.Release|x64.Build.0 = Release|x64
		{FE178193-F90C-42E8-BF0C-5D64E10AB6F0}.Release|x86.ActiveCfg = Release|x86
		{FE178193-F90C-42E8-BF0C-5D64E10AB6F0}.Release|x86.Build.0 = Release|x86
		{087BE07B-00AF-4B65-B988-6889C0D31568}.Debug|x64.ActiveCfg = Debug|x64
		{087BE07B-00AF-4B65-B988-6889C0D31568}.Debug|x64.Build.0 = Debug|x64
		{087BE07B-00AF-4B65-B988-6889C0D31568}.Debug|x86.ActiveCfg = Debug|x86
		{087BE07B-00AF-4B65-B988-6889C0D31568}.Debug|x86.Build.0 = Debug|x86
		{087BE07B-00AF-4B65-B988-6889C0D31568}.Release|x64.ActiveCfg = Release|x64
		{087BE07B-00AF-4B65-B988-6889C0D31568}.Release|x64.Build.0 = Release|x64
		{087BE07B-00AF-4B65-B988-6889C0D31568}.Release|x86.ActiveCfg = Release|x86
		{087BE07B-00AF-4B65-B988-6889C0D31568}.Release|x86.Build.0 = Release|x86
		{C2B5C245-6D01-47D0-812F-895C6C3C3393}.Debug|x64.ActiveCfg = Debug|x64
		{C2B5C245-6D01-47D0-812F-895C6C3C3393}.Debug|x64.Build.0 = Debug|x64
		{C2B5C245-6D01-47D0-812F-895C6C3C3393}.Debug|x86.ActiveCfg = Debug|x86
		{C2B5C245-6D01-47D0-812F-895C6C3C3393}.Debug|x86.Build.0 = Debug|x86
		{C2B5C245-6D01-47D0-812F-895C6C3C3393}.Release|x64.ActiveCfg = Release|x64
		{C2B5C245-6D01-47D0-812F-895C6C3C3393}.Release|x64.Build.0 = Release|x64
		{C2B5C245-6D01-47D0-812F-895C6C3C3393}.Release|x86.ActiveCfg = Release|x86
		{C2B5C245-6D01-47D0-812F-895C6C3C3393}.Release|x86.Build.0 = Release|x86
		{8ECB31A8-60E7-45C9-9D9B-5DDD0C3C6302}.Debug|x64.ActiveCfg = Debug|x64
		{8ECB31A8-60E7-45C9-9D9B-5DDD0C3C6302}.Debug|x64.Build.0 = Debug|x64
		{8ECB31A8-60E7-45C9-9D9B-5DDD0C3C6302}.Debug|x86.ActiveCfg = Debug|x86
		{8ECB31A8-60E7-45C9-9D9B-5DDD0C3C6302}.Debug|x86.Build.0 = Debug|x86
		{8ECB31A8-60E7-45C9-9D9B-5DDD0C3C6302}.Release|x64.ActiveCfg = Release|x64
		{8ECB31A8-60E7-45C9-9D9B-5DDD0C3C6302}.Release|x64.Build.0 = Release|x64
		{8ECB31A8-60E7-45C9-9D9B-5DDD0C3C6302}.Release|x86.ActiveCfg = Release|x86
		{8ECB31A8-60E7-45C9-9D9B-5DDD0C3C6302}.Release|x86.Build.0 = Release|x86
		{953436C0-3624-4594-8E00-D3487EB197A7}.Debug|x64.ActiveCfg = Debug|x64
		{953436C0-3624-4594-8E00-D3487EB197A7}.Debug|x64.Build.0 = Debug|x64
		{953436C0-3624-4594-8E00-D3487EB197A7}.Debug|x86.ActiveCfg = Debug|x86
		{953436C0-3624-4594-8E00-D3487EB197A7}.Debug|x86.Build.0 = Debug|x86
		{953436C0-3624-4594-8E00-D3487EB197A7}.Release|x64.ActiveCfg = Release|x64
		{953436C0-3624-4594-8E00-D3487EB197A7}.Release|x64.Build.0 = Release|x64
		{953436C0-3624-4594-8E00-D3487EB197A7}.Release|x86.ActiveCfg = Release|x86
		{953436C0-3624-4594-8E00-D3487EB197A7}.Release|x86.Build.0 = Release|x86
		{39D3EE6A-C73C-4C90-9235-E1BFEF112721}.Debug|x64.ActiveCfg = Debug|x64
		{39D3EE6A-C73C-4C90-9235-E1BFEF112721}.Debug|x64.Build.0 = Debug|x64
		{39D3EE6A-C73C-4C90-9235-E1BFEF112721}.Debug|x86.ActiveCfg = Debug|x86
		{39D3EE6A-C73C-4C90-9235-E1BFEF112721}.Debug|x86.Build.0 = Debug|x86
		{39D3EE6A-C73C-4C90-9235-E1BFEF112721}.Release|x64.ActiveCfg = Release|x64
		{39D3EE6A-C73C-4C90-9235-E1BFEF112721}.Release|x64.Build.0 = Release|x64
		{39D3EE6A-C73C-4C90-9235-E1BFEF112721}.Release|x86.ActiveCfg = Release|x86
		{39D3EE6A-C73C-4C90-9235-E1BFEF112721}.Release|x86.Build.0 = Release|x86
	EndGlobalSection
	GlobalSection(SolutionProperties) = preSolution
		HideSolutionNode = FALSE
	EndGlobalSection
	GlobalSection(NestedProjects) = preSolution
		{EAAB0601-6478-44D2-A39C-89B0850D7833} = {4FD2B635-11BD-4532-96F6-97ECB41072A1}
		{B413DEAF-4FDC-416A-B3E0-968C1C8F3F83} = {4FD2B635-11BD-4532-96F6-97ECB41072A1}
		{F6CACA89-E8E4-45D9-B942-97FBD4ADD106} = {4FD2B635-11BD-4532-96F6-97ECB41072A1}
		{B0BDF9C2-EB9C-4090-B9A9-B703DF00CCEF} = {4FD2B635-11BD-4532-96F6-97ECB41072A1}
		{2A08A524-88DA-432F-92E6-8DC63C5376DA} = {4FD2B635-11BD-4532-96F6-97ECB41072A1}
		{A5277330-A443-46AB-A058-016A3B6AF8AC} = {4FD2B635-11BD-4532-96F6-97ECB41072A1}
		{D9878E03-87D7-429E-AA0C-A7116A31FA7F} = {4FD2B635-11BD-4532-96F6-97ECB41072A1}
		{72A8EF23-3379-4C72-B212-A14A3C286D9C} = {4FD2B635-11BD-4532-96F6-97ECB41072A1}
		{39C49E1A-75BA-4AD1-9286-58E83D22BC1E} = {4FD2B635-11BD-4532-96F6-97ECB41072A1}
		{A9188CF1-BD07-4D24-BC4A-906A43012F37} = {4FD2B635-11BD-4532-96F6-97ECB41072A1}
		{2B684C20-7E1A-4DA0-8C26-96DA1407B2C3} = {4FD2B635-11BD-4532-96F6-97ECB41072A1}
		{33F99994-12CA-4FAB-B62D-741F7AE35F4B} = {4FD2B635-11BD-4532-96F6-97ECB41072A1}
		{194445BE-3721-4270-984D-FA978D5F34A0} = {4FD2B635-11BD-4532-96F6-97ECB41072A1}
		{0BEBA16B-9A83-4BD5-A476-B366451F0907} = {4FD2B635-11BD-4532-96F6-97ECB41072A1}
		{6F30E40B-6D85-4EE7-9474-5F82E96E1817} = {4FD2B635-11BD-4532-96F6-97ECB41072A1}
		{386116B7-7870-4F91-9DEC-C79062882E3E} = {4FD2B635-11BD-4532-96F6-97ECB41072A1}
		{17FE77F6-AD33-4798-A677-926D1453B31E} = {4FD2B635-11BD-4532-96F6-97ECB41072A1}
		{5B501BD8-D4BC-4719-B708-D4B91E3530D1} = {4FD2B635-11BD-4532-96F6-97ECB41072A1}
		{5F7F16F4-1BE8-47FF-B48B-2527D4971645} = {4FD2B635-11BD-4532-96F6-97ECB41072A1}
		{4BFA47CB-1110-4BB5-9178-3B6EF98BC4EB} = {4FD2B635-11BD-4532-96F6-97ECB41072A1}
		{974598ED-C19D-41CA-9771-4DE837D708BC} = {4FD2B635-11BD-4532-96F6-97ECB41072A1}
		{3E5F4B11-1425-44CA-8146-309BEB292E97} = {4FD2B635-11BD-4532-96F6-97ECB41072A1}
		{D3C1A3C4-A060-40DF-ACE4-143F7F102A24} = {4FD2B635-11BD-4532-96F6-97ECB41072A1}
		{8F360D62-6DB6-442F-AB7C-80B8CFD4D89F} = {4FD2B635-11BD-4532-96F6-97ECB41072A1}
		{2113C1FB-C2C9-437C-AAC3-D72507739F14} = {4FD2B635-11BD-4532-96F6-97ECB41072A1}
		{E5B54E27-B13B-4C5D-BD3E-941837C4A598} = {4FD2B635-11BD-4532-96F6-97ECB41072A1}
		{34933AD1-8691-44B9-BDB4-4BF022C34552} = {4FD2B635-11BD-4532-96F6-97ECB41072A1}
		{D9441890-33EF-48DF-BCB9-BAC4FD749F89} = {4FD2B635-11BD-4532-96F6-97ECB41072A1}
		{479B8D9D-8862-4919-88A2-59DF5AB328FE} = {4FD2B635-11BD-4532-96F6-97ECB41072A1}
		{6A95088D-E2A3-4CE3-ADFC-0D32DE3F3F76} = {4FD2B635-11BD-4532-96F6-97ECB41072A1}
		{087BE07B-00AF-4B65-B988-6889C0D31568} = {4FD2B635-11BD-4532-96F6-97ECB41072A1}
		{C2B5C245-6D01-47D0-812F-895C6C3C3393} = {4FD2B635-11BD-4532-96F6-97ECB41072A1}
		{8ECB31A8-60E7-45C9-9D9B-5DDD0C3C6302} = {4FD2B635-11BD-4532-96F6-97ECB41072A1}
		{953436C0-3624-4594-8E00-D3487EB197A7} = {4FD2B635-11BD-4532-96F6-97ECB41072A1}
		{39D3EE6A-C73C-4C90-9235-E1BFEF112721} = {4FD2B635-11BD-4532-96F6-97ECB41072A1}
	EndGlobalSection
EndGlobal
